// !$*UTF8*$!
{
	archiveVersion = 1;
	classes = {
	};
	objectVersion = 56;
	objects = {

/* Begin PBXBuildFile section */
		580A5F852C0841C1000B06FD /* ChangeDataBloodPressureViewController.swift in Sources */ = {isa = PBXBuildFile; fileRef = 580A5F842C0841C1000B06FD /* ChangeDataBloodPressureViewController.swift */; };
		5818D7242B7634FB001B9994 /* SettingViewController.swift in Sources */ = {isa = PBXBuildFile; fileRef = 5818D7232B7634FB001B9994 /* SettingViewController.swift */; };
		581954C12B4791A800CC0685 /* Global.swift in Sources */ = {isa = PBXBuildFile; fileRef = 581954C02B4791A800CC0685 /* Global.swift */; };
		581954C32B47A2E300CC0685 /* SignUpViewController.swift in Sources */ = {isa = PBXBuildFile; fileRef = 581954C22B47A2E300CC0685 /* SignUpViewController.swift */; };
		581979C12BFC25F0007C0AEF /* SQLite3.swift in Sources */ = {isa = PBXBuildFile; fileRef = 581979C02BFC25F0007C0AEF /* SQLite3.swift */; };
		581E9A682B58EB9800F87E99 /* BloodSugarRecordsView.swift in Sources */ = {isa = PBXBuildFile; fileRef = 581E9A672B58EB9800F87E99 /* BloodSugarRecordsView.swift */; };
		581E9A6A2B58FB8D00F87E99 /* TEST.swift in Sources */ = {isa = PBXBuildFile; fileRef = 581E9A692B58FB8D00F87E99 /* TEST.swift */; };
		581E9A6C2B58FCB200F87E99 /* Boon.swift in Sources */ = {isa = PBXBuildFile; fileRef = 581E9A6B2B58FCB200F87E99 /* Boon.swift */; };
		581E9A6E2B58FD3F00F87E99 /* Graph.swift in Sources */ = {isa = PBXBuildFile; fileRef = 581E9A6D2B58FD3F00F87E99 /* Graph.swift */; };
		581E9A702B58FE0600F87E99 /* InnerViewWith2Value.swift in Sources */ = {isa = PBXBuildFile; fileRef = 581E9A6F2B58FE0600F87E99 /* InnerViewWith2Value.swift */; };
		581E9A732B590A5E00F87E99 /* ObesityViewController.swift in Sources */ = {isa = PBXBuildFile; fileRef = 581E9A722B590A5E00F87E99 /* ObesityViewController.swift */; };
		581E9A752B590D3600F87E99 /* ObesityManagementNotebookView.swift in Sources */ = {isa = PBXBuildFile; fileRef = 581E9A742B590D3600F87E99 /* ObesityManagementNotebookView.swift */; };
		581E9A782B591CE000F87E99 /* DyslipidemiaViewController.swift in Sources */ = {isa = PBXBuildFile; fileRef = 581E9A772B591CE000F87E99 /* DyslipidemiaViewController.swift */; };
		581E9A7A2B59200000F87E99 /* DyslipidemiaManagementNotebookView.swift in Sources */ = {isa = PBXBuildFile; fileRef = 581E9A792B59200000F87E99 /* DyslipidemiaManagementNotebookView.swift */; };
		5822B61A2B4B77690084398F /* ServiceViewController.swift in Sources */ = {isa = PBXBuildFile; fileRef = 5822B6192B4B77690084398F /* ServiceViewController.swift */; };
		583129F52B64753A00F4FD82 /* BloodSugarViewController1.swift in Sources */ = {isa = PBXBuildFile; fileRef = 583129F12B64753700F4FD82 /* BloodSugarViewController1.swift */; };
		583129F62B64753A00F4FD82 /* BloodSugarNoteView.swift in Sources */ = {isa = PBXBuildFile; fileRef = 583129F22B64753800F4FD82 /* BloodSugarNoteView.swift */; };
		583129F72B64753A00F4FD82 /* BloodSugarGoalAndRateView.swift in Sources */ = {isa = PBXBuildFile; fileRef = 583129F32B64753900F4FD82 /* BloodSugarGoalAndRateView.swift */; };
		583129F82B64753A00F4FD82 /* BloodSugarListView.swift in Sources */ = {isa = PBXBuildFile; fileRef = 583129F42B64753A00F4FD82 /* BloodSugarListView.swift */; };
		583129FA2B64757800F4FD82 /* InnerViewWith3SubTitle.swift in Sources */ = {isa = PBXBuildFile; fileRef = 583129F92B64757800F4FD82 /* InnerViewWith3SubTitle.swift */; };
		583129FD2B64A52800F4FD82 /* LeftView.swift in Sources */ = {isa = PBXBuildFile; fileRef = 583129FC2B64A52800F4FD82 /* LeftView.swift */; };
		583129FF2B64A5AD00F4FD82 /* LeftViewGlobal.swift in Sources */ = {isa = PBXBuildFile; fileRef = 583129FE2B64A5AD00F4FD82 /* LeftViewGlobal.swift */; };
		58312A012B64A5F700F4FD82 /* AboutLeftTableView.swift in Sources */ = {isa = PBXBuildFile; fileRef = 58312A002B64A5F700F4FD82 /* AboutLeftTableView.swift */; };
		5838C50B2BF04F2C00B240FE /* SUITE-Bold.otf in Resources */ = {isa = PBXBuildFile; fileRef = 5838C50A2BF04F2C00B240FE /* SUITE-Bold.otf */; };
		583D755C2B69C77500E9A308 /* ChangePwViewController.swift in Sources */ = {isa = PBXBuildFile; fileRef = 583D755B2B69C77500E9A308 /* ChangePwViewController.swift */; };
		583D75842B6A39C000E9A308 /* GoWebViewController.swift in Sources */ = {isa = PBXBuildFile; fileRef = 583D75832B6A39C000E9A308 /* GoWebViewController.swift */; };
		5840F97B2B57BD9F00B22606 /* WebView.swift in Sources */ = {isa = PBXBuildFile; fileRef = 5840F97A2B57BD9F00B22606 /* WebView.swift */; };
		5840F97D2B57C07100B22606 /* BloodSugarManagementNotebookView.swift in Sources */ = {isa = PBXBuildFile; fileRef = 5840F97C2B57C07100B22606 /* BloodSugarManagementNotebookView.swift */; };
		584A0D762B4E23EE00206933 /* ManagementbrainCell.swift in Sources */ = {isa = PBXBuildFile; fileRef = 584A0D732B4E23EE00206933 /* ManagementbrainCell.swift */; };
		584A0D782B4E23EE00206933 /* GoBrainCell.swift in Sources */ = {isa = PBXBuildFile; fileRef = 584A0D752B4E23EE00206933 /* GoBrainCell.swift */; };
		5853B2B72B60F274008FA207 /* DyslipidemiaNoteView.swift in Sources */ = {isa = PBXBuildFile; fileRef = 5853B2B62B60F274008FA207 /* DyslipidemiaNoteView.swift */; };
		5853B2B92B60F279008FA207 /* DyslipidemiaListView.swift in Sources */ = {isa = PBXBuildFile; fileRef = 5853B2B82B60F279008FA207 /* DyslipidemiaListView.swift */; };
		5853B2BB2B60F2C0008FA207 /* GoalAndRateView_1Value.swift in Sources */ = {isa = PBXBuildFile; fileRef = 5853B2BA2B60F2C0008FA207 /* GoalAndRateView_1Value.swift */; };
		5853B2C02B60FF82008FA207 /* DyslipidemiaViewController1.swift in Sources */ = {isa = PBXBuildFile; fileRef = 5853B2BD2B60FF81008FA207 /* DyslipidemiaViewController1.swift */; };
		5853B2C12B60FF82008FA207 /* DyslipidemiaListView1.swift in Sources */ = {isa = PBXBuildFile; fileRef = 5853B2BE2B60FF82008FA207 /* DyslipidemiaListView1.swift */; };
		5853B2C22B60FF82008FA207 /* DyslipidemiaNoteView1.swift in Sources */ = {isa = PBXBuildFile; fileRef = 5853B2BF2B60FF82008FA207 /* DyslipidemiaNoteView1.swift */; };
		5854A7142B78B8FE0060ECB8 /* NotiCenter.swift in Sources */ = {isa = PBXBuildFile; fileRef = 5854A7132B78B8FE0060ECB8 /* NotiCenter.swift */; };
		5854A7162B78C2550060ECB8 /* VersionCheck.swift in Sources */ = {isa = PBXBuildFile; fileRef = 5854A7152B78C2550060ECB8 /* VersionCheck.swift */; };
		586C17102B60E0B80053CF93 /* DyslipidemiaManagementTest.swift in Sources */ = {isa = PBXBuildFile; fileRef = 586C170F2B60E0B80053CF93 /* DyslipidemiaManagementTest.swift */; };
		586C17122B60E5CB0053CF93 /* InnerViewWith1Value.swift in Sources */ = {isa = PBXBuildFile; fileRef = 586C17112B60E5CB0053CF93 /* InnerViewWith1Value.swift */; };
		586CEA372B959BE500827EDE /* BloodPopUpViewController.swift in Sources */ = {isa = PBXBuildFile; fileRef = 586CEA362B959BE500827EDE /* BloodPopUpViewController.swift */; };
		586D0A3A2BA828380033EF14 /* ShowViewController.swift in Sources */ = {isa = PBXBuildFile; fileRef = 586D0A392BA828380033EF14 /* ShowViewController.swift */; };
		587908442BFB8AD20098F21C /* SqliteTest.swift in Sources */ = {isa = PBXBuildFile; fileRef = 587908432BFB8AD20098F21C /* SqliteTest.swift */; };
		5886BFD02B578A9B006662C0 /* BaseViewController.swift in Sources */ = {isa = PBXBuildFile; fileRef = 5886BFCF2B578A9B006662C0 /* BaseViewController.swift */; };
		5886BFD22B57AE16006662C0 /* BloodSugarViewController.swift in Sources */ = {isa = PBXBuildFile; fileRef = 5886BFD12B57AE16006662C0 /* BloodSugarViewController.swift */; };
		589249102BFB66DA00899151 /* Sqlite.swift in Sources */ = {isa = PBXBuildFile; fileRef = 5892490F2BFB66DA00899151 /* Sqlite.swift */; };
		589249122BFB695000899151 /* libsqlite3.tbd in Frameworks */ = {isa = PBXBuildFile; fileRef = 589249112BFB695000899151 /* libsqlite3.tbd */; };
		5892AA682B43F04B00F0217E /* AppDelegate.swift in Sources */ = {isa = PBXBuildFile; fileRef = 5892AA672B43F04B00F0217E /* AppDelegate.swift */; };
		5892AA6A2B43F04B00F0217E /* SceneDelegate.swift in Sources */ = {isa = PBXBuildFile; fileRef = 5892AA692B43F04B00F0217E /* SceneDelegate.swift */; };
		5892AA6C2B43F04B00F0217E /* ViewController.swift in Sources */ = {isa = PBXBuildFile; fileRef = 5892AA6B2B43F04B00F0217E /* ViewController.swift */; };
		5892AA6F2B43F04B00F0217E /* Main.storyboard in Resources */ = {isa = PBXBuildFile; fileRef = 5892AA6D2B43F04B00F0217E /* Main.storyboard */; };
		5892AA712B43F04C00F0217E /* Assets.xcassets in Resources */ = {isa = PBXBuildFile; fileRef = 5892AA702B43F04C00F0217E /* Assets.xcassets */; };
		5892AA742B43F04C00F0217E /* LaunchScreen.storyboard in Resources */ = {isa = PBXBuildFile; fileRef = 5892AA722B43F04C00F0217E /* LaunchScreen.storyboard */; };
		5892AA7C2B43F0E000F0217E /* MainViewController.swift in Sources */ = {isa = PBXBuildFile; fileRef = 5892AA7B2B43F0E000F0217E /* MainViewController.swift */; };
		5892AA7E2B43F1EC00F0217E /* Define.swift in Sources */ = {isa = PBXBuildFile; fileRef = 5892AA7D2B43F1EC00F0217E /* Define.swift */; };
		5892AA812B4403E100F0217E /* Extension.swift in Sources */ = {isa = PBXBuildFile; fileRef = 5892AA802B4403E100F0217E /* Extension.swift */; };
		5893C2E52B678A0E0094AED2 /*  MedicationManagementViewController2.swift in Sources */ = {isa = PBXBuildFile; fileRef = 5893C2E42B678A0E0094AED2 /*  MedicationManagementViewController2.swift */; };
		5893C2E72B678A140094AED2 /*  MedicationManagementViewController3.swift in Sources */ = {isa = PBXBuildFile; fileRef = 5893C2E62B678A140094AED2 /*  MedicationManagementViewController3.swift */; };
		5893C2E92B6790C50094AED2 /* BloodSugarViewController2.swift in Sources */ = {isa = PBXBuildFile; fileRef = 5893C2E82B6790C50094AED2 /* BloodSugarViewController2.swift */; };
		5893C2EB2B6790CD0094AED2 /* BloodSugarViewController3.swift in Sources */ = {isa = PBXBuildFile; fileRef = 5893C2EA2B6790CD0094AED2 /* BloodSugarViewController3.swift */; };
		5893C2ED2B67995B0094AED2 /* DyslipidemiaViewController2.swift in Sources */ = {isa = PBXBuildFile; fileRef = 5893C2EC2B67995B0094AED2 /* DyslipidemiaViewController2.swift */; };
		5893C2EF2B6799610094AED2 /* DyslipidemiaViewController3.swift in Sources */ = {isa = PBXBuildFile; fileRef = 5893C2EE2B6799610094AED2 /* DyslipidemiaViewController3.swift */; };
		5893C2F22B679DEC0094AED2 /* ObesityViewController1.swift in Sources */ = {isa = PBXBuildFile; fileRef = 5893C2F12B679DEC0094AED2 /* ObesityViewController1.swift */; };
		5893C2F42B679DF70094AED2 /* ObesityNoteView.swift in Sources */ = {isa = PBXBuildFile; fileRef = 5893C2F32B679DF70094AED2 /* ObesityNoteView.swift */; };
		5893C2F62B679E010094AED2 /* ObesityListView.swift in Sources */ = {isa = PBXBuildFile; fileRef = 5893C2F52B679E010094AED2 /* ObesityListView.swift */; };
		589AED0A2BFDE59400B93D6C /* GoogleService-Info.plist in Resources */ = {isa = PBXBuildFile; fileRef = 589AED092BFDE59400B93D6C /* GoogleService-Info.plist */; };
		58A831B72B59FE160072800E /* BloodPressureViewController.swift in Sources */ = {isa = PBXBuildFile; fileRef = 58A831B62B59FE160072800E /* BloodPressureViewController.swift */; };
		58A831B92B59FEF10072800E /* BloodPressureManagementNotebookView.swift in Sources */ = {isa = PBXBuildFile; fileRef = 58A831B82B59FEF10072800E /* BloodPressureManagementNotebookView.swift */; };
		58A831BE2B5A10310072800E /* MedicationManagementViewController.swift in Sources */ = {isa = PBXBuildFile; fileRef = 58A831BD2B5A10310072800E /* MedicationManagementViewController.swift */; };
		58A831C02B5A10A10072800E /* MedicationManagementNotebookView.swift in Sources */ = {isa = PBXBuildFile; fileRef = 58A831BF2B5A10A10072800E /* MedicationManagementNotebookView.swift */; };
		58A832082B5A1F600072800E /* Protocol.swift in Sources */ = {isa = PBXBuildFile; fileRef = 58A832072B5A1F600072800E /* Protocol.swift */; };
		58AB7AE52B57B35A00BA17F6 /* DiabetesViewController.swift in Sources */ = {isa = PBXBuildFile; fileRef = 58AB7AE42B57B35A00BA17F6 /* DiabetesViewController.swift */; };
		58B2F6E52B6CA31B0039AABB /* TableViewCell.swift in Sources */ = {isa = PBXBuildFile; fileRef = 58B2F6E42B6CA31B0039AABB /* TableViewCell.swift */; };
		58B841E02B54EB91004D6C7F /* StrokeManagementHandbookViewController.swift in Sources */ = {isa = PBXBuildFile; fileRef = 58B841DF2B54EB91004D6C7F /* StrokeManagementHandbookViewController.swift */; };
		58BCEA442B84547A00B8A19B /* AnnouncementViewController.swift in Sources */ = {isa = PBXBuildFile; fileRef = 58BCEA432B84547A00B8A19B /* AnnouncementViewController.swift */; };
		58BCEA462B845BE200B8A19B /* NoticeCell.swift in Sources */ = {isa = PBXBuildFile; fileRef = 58BCEA452B845BE200B8A19B /* NoticeCell.swift */; };
		58BE7FC92B870744007AA3CF /* Pretendard-Bold.otf in Resources */ = {isa = PBXBuildFile; fileRef = 58BE7FC82B870744007AA3CF /* Pretendard-Bold.otf */; };
		58BE7FCB2B871E54007AA3CF /* StrokeManagementDetailViewController.swift in Sources */ = {isa = PBXBuildFile; fileRef = 58BE7FCA2B871E54007AA3CF /* StrokeManagementDetailViewController.swift */; };
		58BE7FCD2B876AE1007AA3CF /* .gitignore in Resources */ = {isa = PBXBuildFile; fileRef = 58BE7FCC2B876AE1007AA3CF /* .gitignore */; };
		58C550AA2B707FCC0051B100 /* CircularProgressView.swift in Sources */ = {isa = PBXBuildFile; fileRef = 58C550A92B707FCC0051B100 /* CircularProgressView.swift */; };
		58D48C662BF1E2E700754B55 /* RegisterdDrugListView2.swift in Sources */ = {isa = PBXBuildFile; fileRef = 58D48C652BF1E2E600754B55 /* RegisterdDrugListView2.swift */; };
		58D48C682BF1E43B00754B55 /* RegisterdDrugListView3.swift in Sources */ = {isa = PBXBuildFile; fileRef = 58D48C672BF1E43B00754B55 /* RegisterdDrugListView3.swift */; };
		58DB89B02B6895DA00855DEC /* ObesityViewController2.swift in Sources */ = {isa = PBXBuildFile; fileRef = 58DB89AF2B6895DA00855DEC /* ObesityViewController2.swift */; };
		58DB89B22B6895E400855DEC /* ObesityViewController3.swift in Sources */ = {isa = PBXBuildFile; fileRef = 58DB89B12B6895E400855DEC /* ObesityViewController3.swift */; };
		58DB89B42B68973800855DEC /* FindPasswordViewController.swift in Sources */ = {isa = PBXBuildFile; fileRef = 58DB89B32B68973800855DEC /* FindPasswordViewController.swift */; };
		58DB89B62B68D5E500855DEC /* MyInfoViewController.swift in Sources */ = {isa = PBXBuildFile; fileRef = 58DB89B52B68D5E500855DEC /* MyInfoViewController.swift */; };
		58DF66D12B61FBB600083020 /* BloodPressureNoteView.swift in Sources */ = {isa = PBXBuildFile; fileRef = 58DF66CD2B61FBB400083020 /* BloodPressureNoteView.swift */; };
		58DF66D22B61FBB600083020 /* BloodPressureGoalAndRateView.swift in Sources */ = {isa = PBXBuildFile; fileRef = 58DF66CE2B61FBB500083020 /* BloodPressureGoalAndRateView.swift */; };
		58DF66D32B61FBB600083020 /* BloodPressureViewController1.swift in Sources */ = {isa = PBXBuildFile; fileRef = 58DF66CF2B61FBB600083020 /* BloodPressureViewController1.swift */; };
		58DF66D42B61FBB600083020 /* BloodPressureListView.swift in Sources */ = {isa = PBXBuildFile; fileRef = 58DF66D02B61FBB600083020 /* BloodPressureListView.swift */; };
		58DF66D62B61FC2B00083020 /* WMY_ChangeView.swift in Sources */ = {isa = PBXBuildFile; fileRef = 58DF66D52B61FC2B00083020 /* WMY_ChangeView.swift */; };
		58E450BF2B4E6859003A4989 /* SideMenuViewController.swift in Sources */ = {isa = PBXBuildFile; fileRef = 58E450BE2B4E6859003A4989 /* SideMenuViewController.swift */; };
		58EBBC9F2B63AA6000BFC039 /* BloodPressureViewController2.swift in Sources */ = {isa = PBXBuildFile; fileRef = 58EBBC9E2B63AA6000BFC039 /* BloodPressureViewController2.swift */; };
		58EBBCA12B63AACD00BFC039 /* BloodPressureViewController3.swift in Sources */ = {isa = PBXBuildFile; fileRef = 58EBBCA02B63AACD00BFC039 /* BloodPressureViewController3.swift */; };
		58F8E8D22B85DB9900901F20 /* suite_heavy.ttf in Resources */ = {isa = PBXBuildFile; fileRef = 58F8E8D12B85DB9900901F20 /* suite_heavy.ttf */; };
		58F8E8D42B85DD7D00901F20 /* suite_regular.ttf in Resources */ = {isa = PBXBuildFile; fileRef = 58F8E8D32B85DD7C00901F20 /* suite_regular.ttf */; };
		58F8E8D62B863A3C00901F20 /* FinishJoinViewController.swift in Sources */ = {isa = PBXBuildFile; fileRef = 58F8E8D52B863A3C00901F20 /* FinishJoinViewController.swift */; };
		58FB05672BEDCD1000F40541 /* SUITE-SemiBold.otf in Resources */ = {isa = PBXBuildFile; fileRef = 58FB05652BEDCD0D00F40541 /* SUITE-SemiBold.otf */; };
		58FB05682BEDCD1000F40541 /* SUITE-Medium.otf in Resources */ = {isa = PBXBuildFile; fileRef = 58FB05662BEDCD1000F40541 /* SUITE-Medium.otf */; };
		58FFD91B2B5E602E0075B4AD /* UserDefaultKey.swift in Sources */ = {isa = PBXBuildFile; fileRef = 58FFD9192B5E602D0075B4AD /* UserDefaultKey.swift */; };
		58FFD91C2B5E602E0075B4AD /* KnowViewController.swift in Sources */ = {isa = PBXBuildFile; fileRef = 58FFD91A2B5E602E0075B4AD /* KnowViewController.swift */; };
		58FFD92E2B5E60390075B4AD /* DrugRegisterTableViewCell.swift in Sources */ = {isa = PBXBuildFile; fileRef = 58FFD91F2B5E60390075B4AD /* DrugRegisterTableViewCell.swift */; };
		58FFD92F2B5E603A0075B4AD /* RegisterdDrugListView.swift in Sources */ = {isa = PBXBuildFile; fileRef = 58FFD9202B5E60390075B4AD /* RegisterdDrugListView.swift */; };
		58FFD9302B5E603A0075B4AD /* DrugComponnentView2.swift in Sources */ = {isa = PBXBuildFile; fileRef = 58FFD9212B5E60390075B4AD /* DrugComponnentView2.swift */; };
		58FFD9312B5E603A0075B4AD /* DrugRegisterTableViewDrugListCell.swift in Sources */ = {isa = PBXBuildFile; fileRef = 58FFD9222B5E60390075B4AD /* DrugRegisterTableViewDrugListCell.swift */; };
		58FFD9322B5E603A0075B4AD /* DrugManagementViewController.swift in Sources */ = {isa = PBXBuildFile; fileRef = 58FFD9232B5E60390075B4AD /* DrugManagementViewController.swift */; };
		58FFD9332B5E603A0075B4AD /* DrugManageView.swift in Sources */ = {isa = PBXBuildFile; fileRef = 58FFD9252B5E60390075B4AD /* DrugManageView.swift */; };
		58FFD9342B5E603A0075B4AD /* TopBar.swift in Sources */ = {isa = PBXBuildFile; fileRef = 58FFD9262B5E60390075B4AD /* TopBar.swift */; };
		58FFD9352B5E603A0075B4AD /* CalendarCell.swift in Sources */ = {isa = PBXBuildFile; fileRef = 58FFD9272B5E60390075B4AD /* CalendarCell.swift */; };
		58FFD9362B5E603A0075B4AD /* CalendarViewWithManage.swift in Sources */ = {isa = PBXBuildFile; fileRef = 58FFD9282B5E60390075B4AD /* CalendarViewWithManage.swift */; };
		58FFD9372B5E603A0075B4AD /* CalendarNoticeView.swift in Sources */ = {isa = PBXBuildFile; fileRef = 58FFD9292B5E60390075B4AD /* CalendarNoticeView.swift */; };
		58FFD9382B5E603A0075B4AD /* DrugComponnentView.swift in Sources */ = {isa = PBXBuildFile; fileRef = 58FFD92A2B5E60390075B4AD /* DrugComponnentView.swift */; };
		58FFD9392B5E603A0075B4AD /* DrugRegisterViewController.swift in Sources */ = {isa = PBXBuildFile; fileRef = 58FFD92C2B5E60390075B4AD /* DrugRegisterViewController.swift */; };
		58FFD93A2B5E603A0075B4AD /* DrugNotiView.swift in Sources */ = {isa = PBXBuildFile; fileRef = 58FFD92D2B5E60390075B4AD /* DrugNotiView.swift */; };
		58FFD9442B5E604A0075B4AD /* Data_Extension.swift in Sources */ = {isa = PBXBuildFile; fileRef = 58FFD93C2B5E604A0075B4AD /* Data_Extension.swift */; };
		58FFD9452B5E604A0075B4AD /* DataStruct.swift in Sources */ = {isa = PBXBuildFile; fileRef = 58FFD93D2B5E604A0075B4AD /* DataStruct.swift */; };
		58FFD9462B5E604A0075B4AD /* AlramCenter.swift in Sources */ = {isa = PBXBuildFile; fileRef = 58FFD93E2B5E604A0075B4AD /* AlramCenter.swift */; };
		58FFD9472B5E604A0075B4AD /* EnterpriseAppVersionCheck.swift in Sources */ = {isa = PBXBuildFile; fileRef = 58FFD93F2B5E604A0075B4AD /* EnterpriseAppVersionCheck.swift */; };
		58FFD9482B5E604A0075B4AD /* Server.swift in Sources */ = {isa = PBXBuildFile; fileRef = 58FFD9402B5E604A0075B4AD /* Server.swift */; };
		58FFD9492B5E604A0075B4AD /* RealmCenter.swift in Sources */ = {isa = PBXBuildFile; fileRef = 58FFD9412B5E604A0075B4AD /* RealmCenter.swift */; };
		58FFD94A2B5E604A0075B4AD /* AlramCenter_R.swift in Sources */ = {isa = PBXBuildFile; fileRef = 58FFD9422B5E604A0075B4AD /* AlramCenter_R.swift */; };
		58FFD94B2B5E604A0075B4AD /* WebViewURL.swift in Sources */ = {isa = PBXBuildFile; fileRef = 58FFD9432B5E604A0075B4AD /* WebViewURL.swift */; };
		58FFD9612B5E604F0075B4AD /* CompnentTableViewCell.swift in Sources */ = {isa = PBXBuildFile; fileRef = 58FFD94D2B5E604F0075B4AD /* CompnentTableViewCell.swift */; };
		58FFD9632B5E604F0075B4AD /* DateHeaderView.swift in Sources */ = {isa = PBXBuildFile; fileRef = 58FFD94F2B5E604F0075B4AD /* DateHeaderView.swift */; };
		58FFD9652B5E604F0075B4AD /* SegmentedView.swift in Sources */ = {isa = PBXBuildFile; fileRef = 58FFD9512B5E604F0075B4AD /* SegmentedView.swift */; };
		58FFD9662B5E604F0075B4AD /* CellComponentView.swift in Sources */ = {isa = PBXBuildFile; fileRef = 58FFD9522B5E604F0075B4AD /* CellComponentView.swift */; };
		58FFD9672B5E604F0075B4AD /* SimpleNoticeView.swift in Sources */ = {isa = PBXBuildFile; fileRef = 58FFD9532B5E604F0075B4AD /* SimpleNoticeView.swift */; };
		58FFD9682B5E604F0075B4AD /* ToastView.swift in Sources */ = {isa = PBXBuildFile; fileRef = 58FFD9542B5E604F0075B4AD /* ToastView.swift */; };
		58FFD9692B5E604F0075B4AD /* PrecautionsView.swift in Sources */ = {isa = PBXBuildFile; fileRef = 58FFD9552B5E604F0075B4AD /* PrecautionsView.swift */; };
		58FFD96A2B5E604F0075B4AD /* NoticeView.swift in Sources */ = {isa = PBXBuildFile; fileRef = 58FFD9562B5E604F0075B4AD /* NoticeView.swift */; };
		58FFD96B2B5E604F0075B4AD /* ToastView.m in Sources */ = {isa = PBXBuildFile; fileRef = 58FFD9572B5E604F0075B4AD /* ToastView.m */; };
		58FFD96E2B5E604F0075B4AD /* ManagementTitleView.swift in Sources */ = {isa = PBXBuildFile; fileRef = 58FFD95A2B5E604F0075B4AD /* ManagementTitleView.swift */; };
		58FFD96F2B5E604F0075B4AD /* DataInputView.swift in Sources */ = {isa = PBXBuildFile; fileRef = 58FFD95B2B5E604F0075B4AD /* DataInputView.swift */; };
		58FFD9702B5E604F0075B4AD /* RightView.swift in Sources */ = {isa = PBXBuildFile; fileRef = 58FFD95C2B5E604F0075B4AD /* RightView.swift */; };
		58FFD9712B5E604F0075B4AD /* MainViewOfRightView.swift in Sources */ = {isa = PBXBuildFile; fileRef = 58FFD95D2B5E604F0075B4AD /* MainViewOfRightView.swift */; };
		58FFD9722B5E604F0075B4AD /* CancelAndSaveButtonView.swift in Sources */ = {isa = PBXBuildFile; fileRef = 58FFD95E2B5E604F0075B4AD /* CancelAndSaveButtonView.swift */; };
		58FFD9732B5E604F0075B4AD /* TimeView.swift in Sources */ = {isa = PBXBuildFile; fileRef = 58FFD9602B5E604F0075B4AD /* TimeView.swift */; };
		58FFD9792B5E606A0075B4AD /* MathFunction.swift in Sources */ = {isa = PBXBuildFile; fileRef = 58FFD9742B5E60660075B4AD /* MathFunction.swift */; };
		58FFD97A2B5E606A0075B4AD /* DateFunction.swift in Sources */ = {isa = PBXBuildFile; fileRef = 58FFD9752B5E60670075B4AD /* DateFunction.swift */; };
		58FFD97B2B5E606A0075B4AD /* DataFunction.swift in Sources */ = {isa = PBXBuildFile; fileRef = 58FFD9762B5E60680075B4AD /* DataFunction.swift */; };
		58FFD97C2B5E606A0075B4AD /* NormalFuntion.swift in Sources */ = {isa = PBXBuildFile; fileRef = 58FFD9772B5E60690075B4AD /* NormalFuntion.swift */; };
		58FFD97D2B5E606A0075B4AD /* DateCenter.swift in Sources */ = {isa = PBXBuildFile; fileRef = 58FFD9782B5E606A0075B4AD /* DateCenter.swift */; };
		F8836D9E0BDF44C0C95FD9F2 /* Pods_Smart_Stroke2024.framework in Frameworks */ = {isa = PBXBuildFile; fileRef = 10B44311EA586408D1A10BE3 /* Pods_Smart_Stroke2024.framework */; };
/* End PBXBuildFile section */

/* Begin PBXFileReference section */
		0B755D14ABD427291FBFFF5E /* Pods-Smart_Stroke2024.release.xcconfig */ = {isa = PBXFileReference; includeInIndex = 1; lastKnownFileType = text.xcconfig; name = "Pods-Smart_Stroke2024.release.xcconfig"; path = "Target Support Files/Pods-Smart_Stroke2024/Pods-Smart_Stroke2024.release.xcconfig"; sourceTree = "<group>"; };
		10B44311EA586408D1A10BE3 /* Pods_Smart_Stroke2024.framework */ = {isa = PBXFileReference; explicitFileType = wrapper.framework; includeInIndex = 0; path = Pods_Smart_Stroke2024.framework; sourceTree = BUILT_PRODUCTS_DIR; };
		580A5F842C0841C1000B06FD /* ChangeDataBloodPressureViewController.swift */ = {isa = PBXFileReference; lastKnownFileType = sourcecode.swift; path = ChangeDataBloodPressureViewController.swift; sourceTree = "<group>"; };
		5818D7232B7634FB001B9994 /* SettingViewController.swift */ = {isa = PBXFileReference; lastKnownFileType = sourcecode.swift; path = SettingViewController.swift; sourceTree = "<group>"; };
		581954C02B4791A800CC0685 /* Global.swift */ = {isa = PBXFileReference; lastKnownFileType = sourcecode.swift; path = Global.swift; sourceTree = "<group>"; };
		581954C22B47A2E300CC0685 /* SignUpViewController.swift */ = {isa = PBXFileReference; lastKnownFileType = sourcecode.swift; path = SignUpViewController.swift; sourceTree = "<group>"; };
		581979C02BFC25F0007C0AEF /* SQLite3.swift */ = {isa = PBXFileReference; lastKnownFileType = sourcecode.swift; path = SQLite3.swift; sourceTree = "<group>"; };
		581E9A672B58EB9800F87E99 /* BloodSugarRecordsView.swift */ = {isa = PBXFileReference; lastKnownFileType = sourcecode.swift; path = BloodSugarRecordsView.swift; sourceTree = "<group>"; };
		581E9A692B58FB8D00F87E99 /* TEST.swift */ = {isa = PBXFileReference; lastKnownFileType = sourcecode.swift; path = TEST.swift; sourceTree = "<group>"; };
		581E9A6B2B58FCB200F87E99 /* Boon.swift */ = {isa = PBXFileReference; lastKnownFileType = sourcecode.swift; path = Boon.swift; sourceTree = "<group>"; };
		581E9A6D2B58FD3F00F87E99 /* Graph.swift */ = {isa = PBXFileReference; lastKnownFileType = sourcecode.swift; path = Graph.swift; sourceTree = "<group>"; };
		581E9A6F2B58FE0600F87E99 /* InnerViewWith2Value.swift */ = {isa = PBXFileReference; lastKnownFileType = sourcecode.swift; path = InnerViewWith2Value.swift; sourceTree = "<group>"; };
		581E9A722B590A5E00F87E99 /* ObesityViewController.swift */ = {isa = PBXFileReference; lastKnownFileType = sourcecode.swift; path = ObesityViewController.swift; sourceTree = "<group>"; };
		581E9A742B590D3600F87E99 /* ObesityManagementNotebookView.swift */ = {isa = PBXFileReference; lastKnownFileType = sourcecode.swift; path = ObesityManagementNotebookView.swift; sourceTree = "<group>"; };
		581E9A772B591CE000F87E99 /* DyslipidemiaViewController.swift */ = {isa = PBXFileReference; lastKnownFileType = sourcecode.swift; path = DyslipidemiaViewController.swift; sourceTree = "<group>"; };
		581E9A792B59200000F87E99 /* DyslipidemiaManagementNotebookView.swift */ = {isa = PBXFileReference; lastKnownFileType = sourcecode.swift; path = DyslipidemiaManagementNotebookView.swift; sourceTree = "<group>"; };
		5822B6192B4B77690084398F /* ServiceViewController.swift */ = {isa = PBXFileReference; lastKnownFileType = sourcecode.swift; path = ServiceViewController.swift; sourceTree = "<group>"; };
		583129F12B64753700F4FD82 /* BloodSugarViewController1.swift */ = {isa = PBXFileReference; fileEncoding = 4; lastKnownFileType = sourcecode.swift; path = BloodSugarViewController1.swift; sourceTree = "<group>"; };
		583129F22B64753800F4FD82 /* BloodSugarNoteView.swift */ = {isa = PBXFileReference; fileEncoding = 4; lastKnownFileType = sourcecode.swift; path = BloodSugarNoteView.swift; sourceTree = "<group>"; };
		583129F32B64753900F4FD82 /* BloodSugarGoalAndRateView.swift */ = {isa = PBXFileReference; fileEncoding = 4; lastKnownFileType = sourcecode.swift; path = BloodSugarGoalAndRateView.swift; sourceTree = "<group>"; };
		583129F42B64753A00F4FD82 /* BloodSugarListView.swift */ = {isa = PBXFileReference; fileEncoding = 4; lastKnownFileType = sourcecode.swift; path = BloodSugarListView.swift; sourceTree = "<group>"; };
		583129F92B64757800F4FD82 /* InnerViewWith3SubTitle.swift */ = {isa = PBXFileReference; fileEncoding = 4; lastKnownFileType = sourcecode.swift; path = InnerViewWith3SubTitle.swift; sourceTree = "<group>"; };
		583129FC2B64A52800F4FD82 /* LeftView.swift */ = {isa = PBXFileReference; lastKnownFileType = sourcecode.swift; path = LeftView.swift; sourceTree = "<group>"; };
		583129FE2B64A5AD00F4FD82 /* LeftViewGlobal.swift */ = {isa = PBXFileReference; lastKnownFileType = sourcecode.swift; path = LeftViewGlobal.swift; sourceTree = "<group>"; };
		58312A002B64A5F700F4FD82 /* AboutLeftTableView.swift */ = {isa = PBXFileReference; lastKnownFileType = sourcecode.swift; path = AboutLeftTableView.swift; sourceTree = "<group>"; };
		5838C50A2BF04F2C00B240FE /* SUITE-Bold.otf */ = {isa = PBXFileReference; lastKnownFileType = file; path = "SUITE-Bold.otf"; sourceTree = "<group>"; };
		583D755B2B69C77500E9A308 /* ChangePwViewController.swift */ = {isa = PBXFileReference; lastKnownFileType = sourcecode.swift; path = ChangePwViewController.swift; sourceTree = "<group>"; };
		583D75832B6A39C000E9A308 /* GoWebViewController.swift */ = {isa = PBXFileReference; lastKnownFileType = sourcecode.swift; path = GoWebViewController.swift; sourceTree = "<group>"; };
		5840F97A2B57BD9F00B22606 /* WebView.swift */ = {isa = PBXFileReference; lastKnownFileType = sourcecode.swift; path = WebView.swift; sourceTree = "<group>"; };
		5840F97C2B57C07100B22606 /* BloodSugarManagementNotebookView.swift */ = {isa = PBXFileReference; lastKnownFileType = sourcecode.swift; path = BloodSugarManagementNotebookView.swift; sourceTree = "<group>"; };
		584A0D732B4E23EE00206933 /* ManagementbrainCell.swift */ = {isa = PBXFileReference; fileEncoding = 4; lastKnownFileType = sourcecode.swift; name = ManagementbrainCell.swift; path = ../../../SideMenuViewController/SideMenuViewController/ManagementbrainCell.swift; sourceTree = "<group>"; };
		584A0D752B4E23EE00206933 /* GoBrainCell.swift */ = {isa = PBXFileReference; fileEncoding = 4; lastKnownFileType = sourcecode.swift; name = GoBrainCell.swift; path = ../../../SideMenuViewController/SideMenuViewController/GoBrainCell.swift; sourceTree = "<group>"; };
		5853B2B62B60F274008FA207 /* DyslipidemiaNoteView.swift */ = {isa = PBXFileReference; fileEncoding = 4; lastKnownFileType = sourcecode.swift; path = DyslipidemiaNoteView.swift; sourceTree = "<group>"; };
		5853B2B82B60F279008FA207 /* DyslipidemiaListView.swift */ = {isa = PBXFileReference; fileEncoding = 4; lastKnownFileType = sourcecode.swift; path = DyslipidemiaListView.swift; sourceTree = "<group>"; };
		5853B2BA2B60F2C0008FA207 /* GoalAndRateView_1Value.swift */ = {isa = PBXFileReference; fileEncoding = 4; lastKnownFileType = sourcecode.swift; path = GoalAndRateView_1Value.swift; sourceTree = "<group>"; };
		5853B2BD2B60FF81008FA207 /* DyslipidemiaViewController1.swift */ = {isa = PBXFileReference; fileEncoding = 4; lastKnownFileType = sourcecode.swift; path = DyslipidemiaViewController1.swift; sourceTree = "<group>"; };
		5853B2BE2B60FF82008FA207 /* DyslipidemiaListView1.swift */ = {isa = PBXFileReference; fileEncoding = 4; lastKnownFileType = sourcecode.swift; path = DyslipidemiaListView1.swift; sourceTree = "<group>"; };
		5853B2BF2B60FF82008FA207 /* DyslipidemiaNoteView1.swift */ = {isa = PBXFileReference; fileEncoding = 4; lastKnownFileType = sourcecode.swift; path = DyslipidemiaNoteView1.swift; sourceTree = "<group>"; };
		5853B2CA2B610C41008FA207 /* KSR-Bridging-Header.h */ = {isa = PBXFileReference; lastKnownFileType = sourcecode.c.h; path = "KSR-Bridging-Header.h"; sourceTree = "<group>"; };
		5854A7132B78B8FE0060ECB8 /* NotiCenter.swift */ = {isa = PBXFileReference; lastKnownFileType = sourcecode.swift; path = NotiCenter.swift; sourceTree = "<group>"; };
		5854A7152B78C2550060ECB8 /* VersionCheck.swift */ = {isa = PBXFileReference; lastKnownFileType = sourcecode.swift; path = VersionCheck.swift; sourceTree = "<group>"; };
		586C170F2B60E0B80053CF93 /* DyslipidemiaManagementTest.swift */ = {isa = PBXFileReference; lastKnownFileType = sourcecode.swift; path = DyslipidemiaManagementTest.swift; sourceTree = "<group>"; };
		586C17112B60E5CB0053CF93 /* InnerViewWith1Value.swift */ = {isa = PBXFileReference; fileEncoding = 4; lastKnownFileType = sourcecode.swift; path = InnerViewWith1Value.swift; sourceTree = "<group>"; };
		586CEA362B959BE500827EDE /* BloodPopUpViewController.swift */ = {isa = PBXFileReference; lastKnownFileType = sourcecode.swift; path = BloodPopUpViewController.swift; sourceTree = "<group>"; };
		586D0A392BA828380033EF14 /* ShowViewController.swift */ = {isa = PBXFileReference; lastKnownFileType = sourcecode.swift; path = ShowViewController.swift; sourceTree = "<group>"; };
		587908432BFB8AD20098F21C /* SqliteTest.swift */ = {isa = PBXFileReference; lastKnownFileType = sourcecode.swift; path = SqliteTest.swift; sourceTree = "<group>"; };
		5886BFCF2B578A9B006662C0 /* BaseViewController.swift */ = {isa = PBXFileReference; lastKnownFileType = sourcecode.swift; path = BaseViewController.swift; sourceTree = "<group>"; };
		5886BFD12B57AE16006662C0 /* BloodSugarViewController.swift */ = {isa = PBXFileReference; lastKnownFileType = sourcecode.swift; path = BloodSugarViewController.swift; sourceTree = "<group>"; };
		5892490F2BFB66DA00899151 /* Sqlite.swift */ = {isa = PBXFileReference; lastKnownFileType = sourcecode.swift; path = Sqlite.swift; sourceTree = "<group>"; };
		589249112BFB695000899151 /* libsqlite3.tbd */ = {isa = PBXFileReference; lastKnownFileType = "sourcecode.text-based-dylib-definition"; name = libsqlite3.tbd; path = usr/lib/libsqlite3.tbd; sourceTree = SDKROOT; };
		5892AA642B43F04B00F0217E /* Smart_Stroke2024.app */ = {isa = PBXFileReference; explicitFileType = wrapper.application; includeInIndex = 0; path = Smart_Stroke2024.app; sourceTree = BUILT_PRODUCTS_DIR; };
		5892AA672B43F04B00F0217E /* AppDelegate.swift */ = {isa = PBXFileReference; lastKnownFileType = sourcecode.swift; path = AppDelegate.swift; sourceTree = "<group>"; };
		5892AA692B43F04B00F0217E /* SceneDelegate.swift */ = {isa = PBXFileReference; lastKnownFileType = sourcecode.swift; path = SceneDelegate.swift; sourceTree = "<group>"; };
		5892AA6B2B43F04B00F0217E /* ViewController.swift */ = {isa = PBXFileReference; lastKnownFileType = sourcecode.swift; path = ViewController.swift; sourceTree = "<group>"; };
		5892AA6E2B43F04B00F0217E /* Base */ = {isa = PBXFileReference; lastKnownFileType = file.storyboard; name = Base; path = Base.lproj/Main.storyboard; sourceTree = "<group>"; };
		5892AA702B43F04C00F0217E /* Assets.xcassets */ = {isa = PBXFileReference; lastKnownFileType = folder.assetcatalog; path = Assets.xcassets; sourceTree = "<group>"; };
		5892AA732B43F04C00F0217E /* Base */ = {isa = PBXFileReference; lastKnownFileType = file.storyboard; name = Base; path = Base.lproj/LaunchScreen.storyboard; sourceTree = "<group>"; };
		5892AA752B43F04C00F0217E /* Info.plist */ = {isa = PBXFileReference; lastKnownFileType = text.plist.xml; path = Info.plist; sourceTree = "<group>"; };
		5892AA7B2B43F0E000F0217E /* MainViewController.swift */ = {isa = PBXFileReference; lastKnownFileType = sourcecode.swift; path = MainViewController.swift; sourceTree = "<group>"; };
		5892AA7D2B43F1EC00F0217E /* Define.swift */ = {isa = PBXFileReference; fileEncoding = 4; lastKnownFileType = sourcecode.swift; path = Define.swift; sourceTree = "<group>"; };
		5892AA802B4403E100F0217E /* Extension.swift */ = {isa = PBXFileReference; lastKnownFileType = sourcecode.swift; path = Extension.swift; sourceTree = "<group>"; };
		5893C2E42B678A0E0094AED2 /*  MedicationManagementViewController2.swift */ = {isa = PBXFileReference; lastKnownFileType = sourcecode.swift; path = " MedicationManagementViewController2.swift"; sourceTree = "<group>"; };
		5893C2E62B678A140094AED2 /*  MedicationManagementViewController3.swift */ = {isa = PBXFileReference; lastKnownFileType = sourcecode.swift; path = " MedicationManagementViewController3.swift"; sourceTree = "<group>"; };
		5893C2E82B6790C50094AED2 /* BloodSugarViewController2.swift */ = {isa = PBXFileReference; lastKnownFileType = sourcecode.swift; path = BloodSugarViewController2.swift; sourceTree = "<group>"; };
		5893C2EA2B6790CD0094AED2 /* BloodSugarViewController3.swift */ = {isa = PBXFileReference; lastKnownFileType = sourcecode.swift; path = BloodSugarViewController3.swift; sourceTree = "<group>"; };
		5893C2EC2B67995B0094AED2 /* DyslipidemiaViewController2.swift */ = {isa = PBXFileReference; lastKnownFileType = sourcecode.swift; path = DyslipidemiaViewController2.swift; sourceTree = "<group>"; };
		5893C2EE2B6799610094AED2 /* DyslipidemiaViewController3.swift */ = {isa = PBXFileReference; lastKnownFileType = sourcecode.swift; path = DyslipidemiaViewController3.swift; sourceTree = "<group>"; };
		5893C2F12B679DEC0094AED2 /* ObesityViewController1.swift */ = {isa = PBXFileReference; lastKnownFileType = sourcecode.swift; path = ObesityViewController1.swift; sourceTree = "<group>"; };
		5893C2F32B679DF70094AED2 /* ObesityNoteView.swift */ = {isa = PBXFileReference; lastKnownFileType = sourcecode.swift; path = ObesityNoteView.swift; sourceTree = "<group>"; };
		5893C2F52B679E010094AED2 /* ObesityListView.swift */ = {isa = PBXFileReference; lastKnownFileType = sourcecode.swift; path = ObesityListView.swift; sourceTree = "<group>"; };
		589AED082BFDD63A00B93D6C /* Smart_Stroke2024.entitlements */ = {isa = PBXFileReference; lastKnownFileType = text.plist.entitlements; path = Smart_Stroke2024.entitlements; sourceTree = "<group>"; };
		589AED092BFDE59400B93D6C /* GoogleService-Info.plist */ = {isa = PBXFileReference; fileEncoding = 4; lastKnownFileType = text.plist.xml; path = "GoogleService-Info.plist"; sourceTree = "<group>"; };
		58A831B62B59FE160072800E /* BloodPressureViewController.swift */ = {isa = PBXFileReference; lastKnownFileType = sourcecode.swift; path = BloodPressureViewController.swift; sourceTree = "<group>"; };
		58A831B82B59FEF10072800E /* BloodPressureManagementNotebookView.swift */ = {isa = PBXFileReference; lastKnownFileType = sourcecode.swift; path = BloodPressureManagementNotebookView.swift; sourceTree = "<group>"; };
		58A831BD2B5A10310072800E /* MedicationManagementViewController.swift */ = {isa = PBXFileReference; lastKnownFileType = sourcecode.swift; path = MedicationManagementViewController.swift; sourceTree = "<group>"; };
		58A831BF2B5A10A10072800E /* MedicationManagementNotebookView.swift */ = {isa = PBXFileReference; lastKnownFileType = sourcecode.swift; path = MedicationManagementNotebookView.swift; sourceTree = "<group>"; };
		58A832072B5A1F600072800E /* Protocol.swift */ = {isa = PBXFileReference; fileEncoding = 4; lastKnownFileType = sourcecode.swift; path = Protocol.swift; sourceTree = "<group>"; };
		58AB7AE42B57B35A00BA17F6 /* DiabetesViewController.swift */ = {isa = PBXFileReference; lastKnownFileType = sourcecode.swift; path = DiabetesViewController.swift; sourceTree = "<group>"; };
		58B2F6E42B6CA31B0039AABB /* TableViewCell.swift */ = {isa = PBXFileReference; lastKnownFileType = sourcecode.swift; path = TableViewCell.swift; sourceTree = "<group>"; };
		58B841DF2B54EB91004D6C7F /* StrokeManagementHandbookViewController.swift */ = {isa = PBXFileReference; lastKnownFileType = sourcecode.swift; path = StrokeManagementHandbookViewController.swift; sourceTree = "<group>"; };
		58BCEA432B84547A00B8A19B /* AnnouncementViewController.swift */ = {isa = PBXFileReference; lastKnownFileType = sourcecode.swift; path = AnnouncementViewController.swift; sourceTree = "<group>"; };
		58BCEA452B845BE200B8A19B /* NoticeCell.swift */ = {isa = PBXFileReference; lastKnownFileType = sourcecode.swift; path = NoticeCell.swift; sourceTree = "<group>"; };
		58BE7FC82B870744007AA3CF /* Pretendard-Bold.otf */ = {isa = PBXFileReference; lastKnownFileType = file; name = "Pretendard-Bold.otf"; path = "../../../../Downloads/Pretendard-1.3.9/public/static/Pretendard-Bold.otf"; sourceTree = "<group>"; };
		58BE7FCA2B871E54007AA3CF /* StrokeManagementDetailViewController.swift */ = {isa = PBXFileReference; lastKnownFileType = sourcecode.swift; path = StrokeManagementDetailViewController.swift; sourceTree = "<group>"; };
		58BE7FCC2B876AE1007AA3CF /* .gitignore */ = {isa = PBXFileReference; lastKnownFileType = text; path = .gitignore; sourceTree = "<group>"; };
		58C550A92B707FCC0051B100 /* CircularProgressView.swift */ = {isa = PBXFileReference; lastKnownFileType = sourcecode.swift; path = CircularProgressView.swift; sourceTree = "<group>"; };
		58D48C652BF1E2E600754B55 /* RegisterdDrugListView2.swift */ = {isa = PBXFileReference; lastKnownFileType = sourcecode.swift; path = RegisterdDrugListView2.swift; sourceTree = "<group>"; };
		58D48C672BF1E43B00754B55 /* RegisterdDrugListView3.swift */ = {isa = PBXFileReference; lastKnownFileType = sourcecode.swift; path = RegisterdDrugListView3.swift; sourceTree = "<group>"; };
		58DB89AF2B6895DA00855DEC /* ObesityViewController2.swift */ = {isa = PBXFileReference; lastKnownFileType = sourcecode.swift; path = ObesityViewController2.swift; sourceTree = "<group>"; };
		58DB89B12B6895E400855DEC /* ObesityViewController3.swift */ = {isa = PBXFileReference; lastKnownFileType = sourcecode.swift; path = ObesityViewController3.swift; sourceTree = "<group>"; };
		58DB89B32B68973800855DEC /* FindPasswordViewController.swift */ = {isa = PBXFileReference; lastKnownFileType = sourcecode.swift; path = FindPasswordViewController.swift; sourceTree = "<group>"; };
		58DB89B52B68D5E500855DEC /* MyInfoViewController.swift */ = {isa = PBXFileReference; lastKnownFileType = sourcecode.swift; path = MyInfoViewController.swift; sourceTree = "<group>"; };
		58DF66CD2B61FBB400083020 /* BloodPressureNoteView.swift */ = {isa = PBXFileReference; fileEncoding = 4; lastKnownFileType = sourcecode.swift; path = BloodPressureNoteView.swift; sourceTree = "<group>"; };
		58DF66CE2B61FBB500083020 /* BloodPressureGoalAndRateView.swift */ = {isa = PBXFileReference; fileEncoding = 4; lastKnownFileType = sourcecode.swift; path = BloodPressureGoalAndRateView.swift; sourceTree = "<group>"; };
		58DF66CF2B61FBB600083020 /* BloodPressureViewController1.swift */ = {isa = PBXFileReference; fileEncoding = 4; lastKnownFileType = sourcecode.swift; path = BloodPressureViewController1.swift; sourceTree = "<group>"; };
		58DF66D02B61FBB600083020 /* BloodPressureListView.swift */ = {isa = PBXFileReference; fileEncoding = 4; lastKnownFileType = sourcecode.swift; path = BloodPressureListView.swift; sourceTree = "<group>"; };
		58DF66D52B61FC2B00083020 /* WMY_ChangeView.swift */ = {isa = PBXFileReference; fileEncoding = 4; lastKnownFileType = sourcecode.swift; name = WMY_ChangeView.swift; path = ../../../../KSR/KSR/class/WMY_ChangeView.swift; sourceTree = "<group>"; };
		58E450BE2B4E6859003A4989 /* SideMenuViewController.swift */ = {isa = PBXFileReference; lastKnownFileType = sourcecode.swift; name = SideMenuViewController.swift; path = /Users/m2comm/Desktop/KSR_2024/KSR_2024/SideMenuViewController.swift; sourceTree = "<absolute>"; };
		58EBBC9E2B63AA6000BFC039 /* BloodPressureViewController2.swift */ = {isa = PBXFileReference; lastKnownFileType = sourcecode.swift; path = BloodPressureViewController2.swift; sourceTree = "<group>"; };
		58EBBCA02B63AACD00BFC039 /* BloodPressureViewController3.swift */ = {isa = PBXFileReference; lastKnownFileType = sourcecode.swift; path = BloodPressureViewController3.swift; sourceTree = "<group>"; };
		58F8E8D12B85DB9900901F20 /* suite_heavy.ttf */ = {isa = PBXFileReference; lastKnownFileType = file; path = suite_heavy.ttf; sourceTree = "<group>"; };
		58F8E8D32B85DD7C00901F20 /* suite_regular.ttf */ = {isa = PBXFileReference; lastKnownFileType = file; path = suite_regular.ttf; sourceTree = "<group>"; };
		58F8E8D52B863A3C00901F20 /* FinishJoinViewController.swift */ = {isa = PBXFileReference; lastKnownFileType = sourcecode.swift; path = FinishJoinViewController.swift; sourceTree = "<group>"; };
		58FB05652BEDCD0D00F40541 /* SUITE-SemiBold.otf */ = {isa = PBXFileReference; lastKnownFileType = file; path = "SUITE-SemiBold.otf"; sourceTree = "<group>"; };
		58FB05662BEDCD1000F40541 /* SUITE-Medium.otf */ = {isa = PBXFileReference; lastKnownFileType = file; path = "SUITE-Medium.otf"; sourceTree = "<group>"; };
		58FFD9192B5E602D0075B4AD /* UserDefaultKey.swift */ = {isa = PBXFileReference; fileEncoding = 4; lastKnownFileType = sourcecode.swift; path = UserDefaultKey.swift; sourceTree = "<group>"; };
		58FFD91A2B5E602E0075B4AD /* KnowViewController.swift */ = {isa = PBXFileReference; fileEncoding = 4; lastKnownFileType = sourcecode.swift; path = KnowViewController.swift; sourceTree = "<group>"; };
		58FFD91F2B5E60390075B4AD /* DrugRegisterTableViewCell.swift */ = {isa = PBXFileReference; fileEncoding = 4; lastKnownFileType = sourcecode.swift; path = DrugRegisterTableViewCell.swift; sourceTree = "<group>"; };
		58FFD9202B5E60390075B4AD /* RegisterdDrugListView.swift */ = {isa = PBXFileReference; fileEncoding = 4; lastKnownFileType = sourcecode.swift; path = RegisterdDrugListView.swift; sourceTree = "<group>"; };
		58FFD9212B5E60390075B4AD /* DrugComponnentView2.swift */ = {isa = PBXFileReference; fileEncoding = 4; lastKnownFileType = sourcecode.swift; path = DrugComponnentView2.swift; sourceTree = "<group>"; };
		58FFD9222B5E60390075B4AD /* DrugRegisterTableViewDrugListCell.swift */ = {isa = PBXFileReference; fileEncoding = 4; lastKnownFileType = sourcecode.swift; path = DrugRegisterTableViewDrugListCell.swift; sourceTree = "<group>"; };
		58FFD9232B5E60390075B4AD /* DrugManagementViewController.swift */ = {isa = PBXFileReference; fileEncoding = 4; lastKnownFileType = sourcecode.swift; path = DrugManagementViewController.swift; sourceTree = "<group>"; };
		58FFD9252B5E60390075B4AD /* DrugManageView.swift */ = {isa = PBXFileReference; fileEncoding = 4; lastKnownFileType = sourcecode.swift; path = DrugManageView.swift; sourceTree = "<group>"; };
		58FFD9262B5E60390075B4AD /* TopBar.swift */ = {isa = PBXFileReference; fileEncoding = 4; lastKnownFileType = sourcecode.swift; path = TopBar.swift; sourceTree = "<group>"; };
		58FFD9272B5E60390075B4AD /* CalendarCell.swift */ = {isa = PBXFileReference; fileEncoding = 4; lastKnownFileType = sourcecode.swift; path = CalendarCell.swift; sourceTree = "<group>"; };
		58FFD9282B5E60390075B4AD /* CalendarViewWithManage.swift */ = {isa = PBXFileReference; fileEncoding = 4; lastKnownFileType = sourcecode.swift; path = CalendarViewWithManage.swift; sourceTree = "<group>"; };
		58FFD9292B5E60390075B4AD /* CalendarNoticeView.swift */ = {isa = PBXFileReference; fileEncoding = 4; lastKnownFileType = sourcecode.swift; path = CalendarNoticeView.swift; sourceTree = "<group>"; };
		58FFD92A2B5E60390075B4AD /* DrugComponnentView.swift */ = {isa = PBXFileReference; fileEncoding = 4; lastKnownFileType = sourcecode.swift; path = DrugComponnentView.swift; sourceTree = "<group>"; };
		58FFD92C2B5E60390075B4AD /* DrugRegisterViewController.swift */ = {isa = PBXFileReference; fileEncoding = 4; lastKnownFileType = sourcecode.swift; path = DrugRegisterViewController.swift; sourceTree = "<group>"; };
		58FFD92D2B5E60390075B4AD /* DrugNotiView.swift */ = {isa = PBXFileReference; fileEncoding = 4; lastKnownFileType = sourcecode.swift; path = DrugNotiView.swift; sourceTree = "<group>"; };
		58FFD93C2B5E604A0075B4AD /* Data_Extension.swift */ = {isa = PBXFileReference; fileEncoding = 4; lastKnownFileType = sourcecode.swift; path = Data_Extension.swift; sourceTree = "<group>"; };
		58FFD93D2B5E604A0075B4AD /* DataStruct.swift */ = {isa = PBXFileReference; fileEncoding = 4; lastKnownFileType = sourcecode.swift; path = DataStruct.swift; sourceTree = "<group>"; };
		58FFD93E2B5E604A0075B4AD /* AlramCenter.swift */ = {isa = PBXFileReference; fileEncoding = 4; lastKnownFileType = sourcecode.swift; path = AlramCenter.swift; sourceTree = "<group>"; };
		58FFD93F2B5E604A0075B4AD /* EnterpriseAppVersionCheck.swift */ = {isa = PBXFileReference; fileEncoding = 4; lastKnownFileType = sourcecode.swift; path = EnterpriseAppVersionCheck.swift; sourceTree = "<group>"; };
		58FFD9402B5E604A0075B4AD /* Server.swift */ = {isa = PBXFileReference; fileEncoding = 4; lastKnownFileType = sourcecode.swift; path = Server.swift; sourceTree = "<group>"; };
		58FFD9412B5E604A0075B4AD /* RealmCenter.swift */ = {isa = PBXFileReference; fileEncoding = 4; lastKnownFileType = sourcecode.swift; path = RealmCenter.swift; sourceTree = "<group>"; };
		58FFD9422B5E604A0075B4AD /* AlramCenter_R.swift */ = {isa = PBXFileReference; fileEncoding = 4; lastKnownFileType = sourcecode.swift; path = AlramCenter_R.swift; sourceTree = "<group>"; };
		58FFD9432B5E604A0075B4AD /* WebViewURL.swift */ = {isa = PBXFileReference; fileEncoding = 4; lastKnownFileType = sourcecode.swift; path = WebViewURL.swift; sourceTree = "<group>"; };
		58FFD94D2B5E604F0075B4AD /* CompnentTableViewCell.swift */ = {isa = PBXFileReference; fileEncoding = 4; lastKnownFileType = sourcecode.swift; path = CompnentTableViewCell.swift; sourceTree = "<group>"; };
		58FFD94F2B5E604F0075B4AD /* DateHeaderView.swift */ = {isa = PBXFileReference; fileEncoding = 4; lastKnownFileType = sourcecode.swift; path = DateHeaderView.swift; sourceTree = "<group>"; };
		58FFD9512B5E604F0075B4AD /* SegmentedView.swift */ = {isa = PBXFileReference; fileEncoding = 4; lastKnownFileType = sourcecode.swift; path = SegmentedView.swift; sourceTree = "<group>"; };
		58FFD9522B5E604F0075B4AD /* CellComponentView.swift */ = {isa = PBXFileReference; fileEncoding = 4; lastKnownFileType = sourcecode.swift; path = CellComponentView.swift; sourceTree = "<group>"; };
		58FFD9532B5E604F0075B4AD /* SimpleNoticeView.swift */ = {isa = PBXFileReference; fileEncoding = 4; lastKnownFileType = sourcecode.swift; path = SimpleNoticeView.swift; sourceTree = "<group>"; };
		58FFD9542B5E604F0075B4AD /* ToastView.swift */ = {isa = PBXFileReference; fileEncoding = 4; lastKnownFileType = sourcecode.swift; path = ToastView.swift; sourceTree = "<group>"; };
		58FFD9552B5E604F0075B4AD /* PrecautionsView.swift */ = {isa = PBXFileReference; fileEncoding = 4; lastKnownFileType = sourcecode.swift; path = PrecautionsView.swift; sourceTree = "<group>"; };
		58FFD9562B5E604F0075B4AD /* NoticeView.swift */ = {isa = PBXFileReference; fileEncoding = 4; lastKnownFileType = sourcecode.swift; path = NoticeView.swift; sourceTree = "<group>"; };
		58FFD9572B5E604F0075B4AD /* ToastView.m */ = {isa = PBXFileReference; fileEncoding = 4; lastKnownFileType = sourcecode.c.objc; path = ToastView.m; sourceTree = "<group>"; };
		58FFD95A2B5E604F0075B4AD /* ManagementTitleView.swift */ = {isa = PBXFileReference; fileEncoding = 4; lastKnownFileType = sourcecode.swift; path = ManagementTitleView.swift; sourceTree = "<group>"; };
		58FFD95B2B5E604F0075B4AD /* DataInputView.swift */ = {isa = PBXFileReference; fileEncoding = 4; lastKnownFileType = sourcecode.swift; path = DataInputView.swift; sourceTree = "<group>"; };
		58FFD95C2B5E604F0075B4AD /* RightView.swift */ = {isa = PBXFileReference; fileEncoding = 4; lastKnownFileType = sourcecode.swift; path = RightView.swift; sourceTree = "<group>"; };
		58FFD95D2B5E604F0075B4AD /* MainViewOfRightView.swift */ = {isa = PBXFileReference; fileEncoding = 4; lastKnownFileType = sourcecode.swift; path = MainViewOfRightView.swift; sourceTree = "<group>"; };
		58FFD95E2B5E604F0075B4AD /* CancelAndSaveButtonView.swift */ = {isa = PBXFileReference; fileEncoding = 4; lastKnownFileType = sourcecode.swift; path = CancelAndSaveButtonView.swift; sourceTree = "<group>"; };
		58FFD95F2B5E604F0075B4AD /* ToastView.h */ = {isa = PBXFileReference; fileEncoding = 4; lastKnownFileType = sourcecode.c.h; path = ToastView.h; sourceTree = "<group>"; };
		58FFD9602B5E604F0075B4AD /* TimeView.swift */ = {isa = PBXFileReference; fileEncoding = 4; lastKnownFileType = sourcecode.swift; path = TimeView.swift; sourceTree = "<group>"; };
		58FFD9742B5E60660075B4AD /* MathFunction.swift */ = {isa = PBXFileReference; fileEncoding = 4; lastKnownFileType = sourcecode.swift; path = MathFunction.swift; sourceTree = "<group>"; };
		58FFD9752B5E60670075B4AD /* DateFunction.swift */ = {isa = PBXFileReference; fileEncoding = 4; lastKnownFileType = sourcecode.swift; path = DateFunction.swift; sourceTree = "<group>"; };
		58FFD9762B5E60680075B4AD /* DataFunction.swift */ = {isa = PBXFileReference; fileEncoding = 4; lastKnownFileType = sourcecode.swift; path = DataFunction.swift; sourceTree = "<group>"; };
		58FFD9772B5E60690075B4AD /* NormalFuntion.swift */ = {isa = PBXFileReference; fileEncoding = 4; lastKnownFileType = sourcecode.swift; path = NormalFuntion.swift; sourceTree = "<group>"; };
		58FFD9782B5E606A0075B4AD /* DateCenter.swift */ = {isa = PBXFileReference; fileEncoding = 4; lastKnownFileType = sourcecode.swift; path = DateCenter.swift; sourceTree = "<group>"; };
		5DE1F5FF13B75DCE626BD71F /* Pods-KSR_2024.debug.xcconfig */ = {isa = PBXFileReference; includeInIndex = 1; lastKnownFileType = text.xcconfig; name = "Pods-KSR_2024.debug.xcconfig"; path = "Target Support Files/Pods-KSR_2024/Pods-KSR_2024.debug.xcconfig"; sourceTree = "<group>"; };
		B570DB003A075C7B47B69A48 /* Pods-Smart_Stroke2024.debug.xcconfig */ = {isa = PBXFileReference; includeInIndex = 1; lastKnownFileType = text.xcconfig; name = "Pods-Smart_Stroke2024.debug.xcconfig"; path = "Target Support Files/Pods-Smart_Stroke2024/Pods-Smart_Stroke2024.debug.xcconfig"; sourceTree = "<group>"; };
		B94424C619C5BCEC14964A4A /* Pods-KSR_2024.release.xcconfig */ = {isa = PBXFileReference; includeInIndex = 1; lastKnownFileType = text.xcconfig; name = "Pods-KSR_2024.release.xcconfig"; path = "Target Support Files/Pods-KSR_2024/Pods-KSR_2024.release.xcconfig"; sourceTree = "<group>"; };
/* End PBXFileReference section */

/* Begin PBXFrameworksBuildPhase section */
		5892AA612B43F04B00F0217E /* Frameworks */ = {
			isa = PBXFrameworksBuildPhase;
			buildActionMask = 2147483647;
			files = (
				589249122BFB695000899151 /* libsqlite3.tbd in Frameworks */,
				F8836D9E0BDF44C0C95FD9F2 /* Pods_Smart_Stroke2024.framework in Frameworks */,
			);
			runOnlyForDeploymentPostprocessing = 0;
		};
/* End PBXFrameworksBuildPhase section */

/* Begin PBXGroup section */
		581E9A712B590A0D00F87E99 /* Obesity */ = {
			isa = PBXGroup;
			children = (
				581E9A722B590A5E00F87E99 /* ObesityViewController.swift */,
				58C550A92B707FCC0051B100 /* CircularProgressView.swift */,
				581E9A742B590D3600F87E99 /* ObesityManagementNotebookView.swift */,
				58DB89AF2B6895DA00855DEC /* ObesityViewController2.swift */,
				58DB89B12B6895E400855DEC /* ObesityViewController3.swift */,
			);
			path = Obesity;
			sourceTree = "<group>";
		};
		581E9A762B591CC800F87E99 /* Dyslipidemia */ = {
			isa = PBXGroup;
			children = (
				581E9A772B591CE000F87E99 /* DyslipidemiaViewController.swift */,
				581E9A792B59200000F87E99 /* DyslipidemiaManagementNotebookView.swift */,
				586C170F2B60E0B80053CF93 /* DyslipidemiaManagementTest.swift */,
				5853B2B62B60F274008FA207 /* DyslipidemiaNoteView.swift */,
				5853B2B82B60F279008FA207 /* DyslipidemiaListView.swift */,
				5893C2EC2B67995B0094AED2 /* DyslipidemiaViewController2.swift */,
				5893C2EE2B6799610094AED2 /* DyslipidemiaViewController3.swift */,
			);
			path = Dyslipidemia;
			sourceTree = "<group>";
		};
		583129F02B6474E600F4FD82 /* 혈당 */ = {
			isa = PBXGroup;
			children = (
				583129F12B64753700F4FD82 /* BloodSugarViewController1.swift */,
				583129F22B64753800F4FD82 /* BloodSugarNoteView.swift */,
				583129F42B64753A00F4FD82 /* BloodSugarListView.swift */,
				583129F32B64753900F4FD82 /* BloodSugarGoalAndRateView.swift */,
			);
			name = "혈당";
			path = "혈당";
			sourceTree = "<group>";
		};
		583129FB2B64A51300F4FD82 /* LeftView */ = {
			isa = PBXGroup;
			children = (
				583129FC2B64A52800F4FD82 /* LeftView.swift */,
				58312A002B64A5F700F4FD82 /* AboutLeftTableView.swift */,
				583129FE2B64A5AD00F4FD82 /* LeftViewGlobal.swift */,
			);
			path = LeftView;
			sourceTree = "<group>";
		};
		584A0D722B4E23DA00206933 /* SildeMenu */ = {
			isa = PBXGroup;
			children = (
				584A0D752B4E23EE00206933 /* GoBrainCell.swift */,
				584A0D732B4E23EE00206933 /* ManagementbrainCell.swift */,
				58B2F6E42B6CA31B0039AABB /* TableViewCell.swift */,
				58BCEA452B845BE200B8A19B /* NoticeCell.swift */,
			);
			path = SildeMenu;
			sourceTree = "<group>";
		};
		5853B2BC2B60FF6F008FA207 /* DyslipidemiaTEST */ = {
			isa = PBXGroup;
			children = (
				5853B2BD2B60FF81008FA207 /* DyslipidemiaViewController1.swift */,
				5853B2BF2B60FF82008FA207 /* DyslipidemiaNoteView1.swift */,
				5853B2BE2B60FF82008FA207 /* DyslipidemiaListView1.swift */,
			);
			path = DyslipidemiaTEST;
			sourceTree = "<group>";
		};
		5892AA5B2B43F04B00F0217E = {
			isa = PBXGroup;
			children = (
				5892AA662B43F04B00F0217E /* Smart_Stroke2024 */,
				5892AA652B43F04B00F0217E /* Products */,
				C5DCEE58E4AB0E747140953F /* Pods */,
				9C22DB7BDE0B7BBF17F78165 /* Frameworks */,
			);
			sourceTree = "<group>";
		};
		5892AA652B43F04B00F0217E /* Products */ = {
			isa = PBXGroup;
			children = (
				5892AA642B43F04B00F0217E /* Smart_Stroke2024.app */,
			);
			name = Products;
			sourceTree = "<group>";
		};
		5892AA662B43F04B00F0217E /* Smart_Stroke2024 */ = {
			isa = PBXGroup;
			children = (
				589AED092BFDE59400B93D6C /* GoogleService-Info.plist */,
				589AED082BFDD63A00B93D6C /* Smart_Stroke2024.entitlements */,
				5892AA672B43F04B00F0217E /* AppDelegate.swift */,
				5892AA692B43F04B00F0217E /* SceneDelegate.swift */,
				5892AA6B2B43F04B00F0217E /* ViewController.swift */,
				58BE7FCC2B876AE1007AA3CF /* .gitignore */,
				5892AA7B2B43F0E000F0217E /* MainViewController.swift */,
				58E450BE2B4E6859003A4989 /* SideMenuViewController.swift */,
				5822B6192B4B77690084398F /* ServiceViewController.swift */,
				581954C22B47A2E300CC0685 /* SignUpViewController.swift */,
				586D0A392BA828380033EF14 /* ShowViewController.swift */,
				58F8E8D52B863A3C00901F20 /* FinishJoinViewController.swift */,
				58BE7FCA2B871E54007AA3CF /* StrokeManagementDetailViewController.swift */,
				58B841DF2B54EB91004D6C7F /* StrokeManagementHandbookViewController.swift */,
				5886BFCF2B578A9B006662C0 /* BaseViewController.swift */,
				58DB89B32B68973800855DEC /* FindPasswordViewController.swift */,
				58DB89B52B68D5E500855DEC /* MyInfoViewController.swift */,
				583D755B2B69C77500E9A308 /* ChangePwViewController.swift */,
				583D75832B6A39C000E9A308 /* GoWebViewController.swift */,
				5818D7232B7634FB001B9994 /* SettingViewController.swift */,
				58BCEA432B84547A00B8A19B /* AnnouncementViewController.swift */,
				584A0D722B4E23DA00206933 /* SildeMenu */,
				58DF66CC2B61FBA400083020 /* 혈압 */,
				58A831B52B59FB560072800E /* BloodPressure(==혈압) */,
				583129F02B6474E600F4FD82 /* 혈당 */,
				58AB7AE22B57B29600BA17F6 /* BloodSugar(==혈당) */,
				58AB7AE32B57B34500BA17F6 /* Diabetes */,
				5893C2F02B679DD40094AED2 /* 비만 */,
				581E9A712B590A0D00F87E99 /* Obesity */,
				5853B2BC2B60FF6F008FA207 /* DyslipidemiaTEST */,
				581E9A762B591CC800F87E99 /* Dyslipidemia */,
				58A831BA2B5A0FF00072800E /*  MedicationManagement */,
				5892AA7F2B43F1F100F0217E /* swift */,
				583129FB2B64A51300F4FD82 /* LeftView */,
				58F8E8D02B85DB7D00901F20 /* Font */,
				58FFD9182B5E60010075B4AD /* Date */,
				58FFD6BD2B5DE60A0075B4AD /* TestView */,
				5892AA6D2B43F04B00F0217E /* Main.storyboard */,
				5892AA702B43F04C00F0217E /* Assets.xcassets */,
				5892AA722B43F04C00F0217E /* LaunchScreen.storyboard */,
				5892AA752B43F04C00F0217E /* Info.plist */,
			);
			path = Smart_Stroke2024;
			sourceTree = "<group>";
		};
		5892AA7F2B43F1F100F0217E /* swift */ = {
			isa = PBXGroup;
			children = (
				5892AA7D2B43F1EC00F0217E /* Define.swift */,
				5892AA802B4403E100F0217E /* Extension.swift */,
				5854A7152B78C2550060ECB8 /* VersionCheck.swift */,
				581954C02B4791A800CC0685 /* Global.swift */,
				5840F97A2B57BD9F00B22606 /* WebView.swift */,
				581E9A692B58FB8D00F87E99 /* TEST.swift */,
				581E9A6B2B58FCB200F87E99 /* Boon.swift */,
				581E9A6D2B58FD3F00F87E99 /* Graph.swift */,
				581E9A6F2B58FE0600F87E99 /* InnerViewWith2Value.swift */,
				5853B2BA2B60F2C0008FA207 /* GoalAndRateView_1Value.swift */,
				58A832072B5A1F600072800E /* Protocol.swift */,
				5854A7132B78B8FE0060ECB8 /* NotiCenter.swift */,
			);
			path = swift;
			sourceTree = "<group>";
		};
		5893C2F02B679DD40094AED2 /* 비만 */ = {
			isa = PBXGroup;
			children = (
				5893C2F12B679DEC0094AED2 /* ObesityViewController1.swift */,
				5893C2F32B679DF70094AED2 /* ObesityNoteView.swift */,
				5893C2F52B679E010094AED2 /* ObesityListView.swift */,
			);
			name = "비만";
			path = "비만";
			sourceTree = "<group>";
		};
		58A831B52B59FB560072800E /* BloodPressure(==혈압) */ = {
			isa = PBXGroup;
			children = (
				58A831B62B59FE160072800E /* BloodPressureViewController.swift */,
				58A831B82B59FEF10072800E /* BloodPressureManagementNotebookView.swift */,
				58EBBC9E2B63AA6000BFC039 /* BloodPressureViewController2.swift */,
				58EBBCA02B63AACD00BFC039 /* BloodPressureViewController3.swift */,
				580A5F842C0841C1000B06FD /* ChangeDataBloodPressureViewController.swift */,
				586CEA362B959BE500827EDE /* BloodPopUpViewController.swift */,
			);
			name = "BloodPressure(==혈압)";
			path = " Blood pressure(==혈압)";
			sourceTree = "<group>";
		};
		58A831BA2B5A0FF00072800E /*  MedicationManagement */ = {
			isa = PBXGroup;
			children = (
				58A831BD2B5A10310072800E /* MedicationManagementViewController.swift */,
				58A831BF2B5A10A10072800E /* MedicationManagementNotebookView.swift */,
				5893C2E42B678A0E0094AED2 /*  MedicationManagementViewController2.swift */,
				5893C2E62B678A140094AED2 /*  MedicationManagementViewController3.swift */,
			);
			path = " MedicationManagement";
			sourceTree = "<group>";
		};
		58AB7AE22B57B29600BA17F6 /* BloodSugar(==혈당) */ = {
			isa = PBXGroup;
			children = (
				5886BFD12B57AE16006662C0 /* BloodSugarViewController.swift */,
				5840F97C2B57C07100B22606 /* BloodSugarManagementNotebookView.swift */,
				581E9A672B58EB9800F87E99 /* BloodSugarRecordsView.swift */,
				5893C2E82B6790C50094AED2 /* BloodSugarViewController2.swift */,
				5893C2EA2B6790CD0094AED2 /* BloodSugarViewController3.swift */,
			);
			name = "BloodSugar(==혈당)";
			path = "BloodSugar(==혈당)";
			sourceTree = "<group>";
		};
		58AB7AE32B57B34500BA17F6 /* Diabetes */ = {
			isa = PBXGroup;
			children = (
				58AB7AE42B57B35A00BA17F6 /* DiabetesViewController.swift */,
			);
			path = Diabetes;
			sourceTree = "<group>";
		};
		58DF66CC2B61FBA400083020 /* 혈압 */ = {
			isa = PBXGroup;
			children = (
				58DF66CF2B61FBB600083020 /* BloodPressureViewController1.swift */,
				58DF66CD2B61FBB400083020 /* BloodPressureNoteView.swift */,
				58DF66D02B61FBB600083020 /* BloodPressureListView.swift */,
				58DF66CE2B61FBB500083020 /* BloodPressureGoalAndRateView.swift */,
			);
			name = "혈압";
			path = "혈압";
			sourceTree = "<group>";
		};
		58F8E8D02B85DB7D00901F20 /* Font */ = {
			isa = PBXGroup;
			children = (
				58BE7FC82B870744007AA3CF /* Pretendard-Bold.otf */,
				58F8E8D32B85DD7C00901F20 /* suite_regular.ttf */,
				58F8E8D12B85DB9900901F20 /* suite_heavy.ttf */,
				58FB05662BEDCD1000F40541 /* SUITE-Medium.otf */,
				58FB05652BEDCD0D00F40541 /* SUITE-SemiBold.otf */,
				5838C50A2BF04F2C00B240FE /* SUITE-Bold.otf */,
			);
			path = Font;
			sourceTree = "<group>";
		};
		58FFD6BD2B5DE60A0075B4AD /* TestView */ = {
			isa = PBXGroup;
			children = (
				583129F92B64757800F4FD82 /* InnerViewWith3SubTitle.swift */,
				586C17112B60E5CB0053CF93 /* InnerViewWith1Value.swift */,
			);
			path = TestView;
			sourceTree = "<group>";
		};
		58FFD9182B5E60010075B4AD /* Date */ = {
			isa = PBXGroup;
			children = (
				5853B2CA2B610C41008FA207 /* KSR-Bridging-Header.h */,
				58FFD9762B5E60680075B4AD /* DataFunction.swift */,
				58FFD9782B5E606A0075B4AD /* DateCenter.swift */,
				58FFD9752B5E60670075B4AD /* DateFunction.swift */,
				58FFD9742B5E60660075B4AD /* MathFunction.swift */,
				58FFD9772B5E60690075B4AD /* NormalFuntion.swift */,
				58FFD94C2B5E604F0075B4AD /* class */,
				58FFD93B2B5E604A0075B4AD /* ETC */,
				58FFD91D2B5E60390075B4AD /* 약물복용관리 */,
				58FFD91A2B5E602E0075B4AD /* KnowViewController.swift */,
				58FFD9192B5E602D0075B4AD /* UserDefaultKey.swift */,
			);
			path = Date;
			sourceTree = "<group>";
		};
		58FFD91D2B5E60390075B4AD /* 약물복용관리 */ = {
			isa = PBXGroup;
			children = (
				58FFD9232B5E60390075B4AD /* DrugManagementViewController.swift */,
				58FFD92A2B5E60390075B4AD /* DrugComponnentView.swift */,
				58FFD92D2B5E60390075B4AD /* DrugNotiView.swift */,
				58FFD91E2B5E60390075B4AD /* 약물 등록 리스트 */,
				58FFD9242B5E60390075B4AD /* 약물 복용관리 */,
				58FFD92B2B5E60390075B4AD /* 약물 복용 알림 등록 */,
			);
			path = "약물복용관리";
			sourceTree = "<group>";
		};
		58FFD91E2B5E60390075B4AD /* 약물 등록 리스트 */ = {
			isa = PBXGroup;
			children = (
				58FFD91F2B5E60390075B4AD /* DrugRegisterTableViewCell.swift */,
				58FFD9202B5E60390075B4AD /* RegisterdDrugListView.swift */,
				58D48C652BF1E2E600754B55 /* RegisterdDrugListView2.swift */,
				58D48C672BF1E43B00754B55 /* RegisterdDrugListView3.swift */,
				58FFD9212B5E60390075B4AD /* DrugComponnentView2.swift */,
				58FFD9222B5E60390075B4AD /* DrugRegisterTableViewDrugListCell.swift */,
			);
			path = "약물 등록 리스트";
			sourceTree = "<group>";
		};
		58FFD9242B5E60390075B4AD /* 약물 복용관리 */ = {
			isa = PBXGroup;
			children = (
				58FFD9252B5E60390075B4AD /* DrugManageView.swift */,
				58FFD9262B5E60390075B4AD /* TopBar.swift */,
				58FFD9272B5E60390075B4AD /* CalendarCell.swift */,
				58FFD9282B5E60390075B4AD /* CalendarViewWithManage.swift */,
				58FFD9292B5E60390075B4AD /* CalendarNoticeView.swift */,
			);
			path = "약물 복용관리";
			sourceTree = "<group>";
		};
		58FFD92B2B5E60390075B4AD /* 약물 복용 알림 등록 */ = {
			isa = PBXGroup;
			children = (
				58FFD92C2B5E60390075B4AD /* DrugRegisterViewController.swift */,
			);
			path = "약물 복용 알림 등록";
			sourceTree = "<group>";
		};
		58FFD93B2B5E604A0075B4AD /* ETC */ = {
			isa = PBXGroup;
			children = (
				58FFD93C2B5E604A0075B4AD /* Data_Extension.swift */,
				58FFD93D2B5E604A0075B4AD /* DataStruct.swift */,
				58FFD93E2B5E604A0075B4AD /* AlramCenter.swift */,
				5892490F2BFB66DA00899151 /* Sqlite.swift */,
				587908432BFB8AD20098F21C /* SqliteTest.swift */,
				581979C02BFC25F0007C0AEF /* SQLite3.swift */,
				58FFD93F2B5E604A0075B4AD /* EnterpriseAppVersionCheck.swift */,
				58FFD9402B5E604A0075B4AD /* Server.swift */,
				58FFD9412B5E604A0075B4AD /* RealmCenter.swift */,
				58FFD9422B5E604A0075B4AD /* AlramCenter_R.swift */,
				58FFD9432B5E604A0075B4AD /* WebViewURL.swift */,
			);
			path = ETC;
			sourceTree = "<group>";
		};
		58FFD94C2B5E604F0075B4AD /* class */ = {
			isa = PBXGroup;
			children = (
				58DF66D52B61FC2B00083020 /* WMY_ChangeView.swift */,
				58FFD94D2B5E604F0075B4AD /* CompnentTableViewCell.swift */,
				58FFD94F2B5E604F0075B4AD /* DateHeaderView.swift */,
				58FFD9512B5E604F0075B4AD /* SegmentedView.swift */,
				58FFD9522B5E604F0075B4AD /* CellComponentView.swift */,
				58FFD9532B5E604F0075B4AD /* SimpleNoticeView.swift */,
				58FFD9542B5E604F0075B4AD /* ToastView.swift */,
				58FFD9552B5E604F0075B4AD /* PrecautionsView.swift */,
				58FFD9562B5E604F0075B4AD /* NoticeView.swift */,
				58FFD9572B5E604F0075B4AD /* ToastView.m */,
				58FFD95A2B5E604F0075B4AD /* ManagementTitleView.swift */,
				58FFD95B2B5E604F0075B4AD /* DataInputView.swift */,
				58FFD95C2B5E604F0075B4AD /* RightView.swift */,
				58FFD95D2B5E604F0075B4AD /* MainViewOfRightView.swift */,
				58FFD95E2B5E604F0075B4AD /* CancelAndSaveButtonView.swift */,
				58FFD95F2B5E604F0075B4AD /* ToastView.h */,
				58FFD9602B5E604F0075B4AD /* TimeView.swift */,
			);
			path = class;
			sourceTree = "<group>";
		};
		9C22DB7BDE0B7BBF17F78165 /* Frameworks */ = {
			isa = PBXGroup;
			children = (
				589249112BFB695000899151 /* libsqlite3.tbd */,
				10B44311EA586408D1A10BE3 /* Pods_Smart_Stroke2024.framework */,
			);
			name = Frameworks;
			sourceTree = "<group>";
		};
		C5DCEE58E4AB0E747140953F /* Pods */ = {
			isa = PBXGroup;
			children = (
				5DE1F5FF13B75DCE626BD71F /* Pods-KSR_2024.debug.xcconfig */,
				B94424C619C5BCEC14964A4A /* Pods-KSR_2024.release.xcconfig */,
				B570DB003A075C7B47B69A48 /* Pods-Smart_Stroke2024.debug.xcconfig */,
				0B755D14ABD427291FBFFF5E /* Pods-Smart_Stroke2024.release.xcconfig */,
			);
			path = Pods;
			sourceTree = "<group>";
		};
/* End PBXGroup section */

/* Begin PBXNativeTarget section */
		5892AA632B43F04B00F0217E /* Smart_Stroke2024 */ = {
			isa = PBXNativeTarget;
			buildConfigurationList = 5892AA782B43F04C00F0217E /* Build configuration list for PBXNativeTarget "Smart_Stroke2024" */;
			buildPhases = (
				3B22E6102A45AE62F3E9B42C /* [CP] Check Pods Manifest.lock */,
				5892AA602B43F04B00F0217E /* Sources */,
				5892AA612B43F04B00F0217E /* Frameworks */,
				5892AA622B43F04B00F0217E /* Resources */,
				BB51472557406D550D883E70 /* [CP] Embed Pods Frameworks */,
			);
			buildRules = (
			);
			dependencies = (
			);
			name = Smart_Stroke2024;
			productName = KSR_2024;
			productReference = 5892AA642B43F04B00F0217E /* Smart_Stroke2024.app */;
			productType = "com.apple.product-type.application";
		};
/* End PBXNativeTarget section */

/* Begin PBXProject section */
		5892AA5C2B43F04B00F0217E /* Project object */ = {
			isa = PBXProject;
			attributes = {
				BuildIndependentTargetsInParallel = 1;
				LastSwiftUpdateCheck = 1430;
				LastUpgradeCheck = 1430;
				TargetAttributes = {
					5892AA632B43F04B00F0217E = {
						CreatedOnToolsVersion = 14.3;
					};
				};
			};
			buildConfigurationList = 5892AA5F2B43F04B00F0217E /* Build configuration list for PBXProject "Smart_Stroke2024" */;
			compatibilityVersion = "Xcode 14.0";
			developmentRegion = en;
			hasScannedForEncodings = 0;
			knownRegions = (
				en,
				Base,
			);
			mainGroup = 5892AA5B2B43F04B00F0217E;
			productRefGroup = 5892AA652B43F04B00F0217E /* Products */;
			projectDirPath = "";
			projectRoot = "";
			targets = (
				5892AA632B43F04B00F0217E /* Smart_Stroke2024 */,
			);
		};
/* End PBXProject section */

/* Begin PBXResourcesBuildPhase section */
		5892AA622B43F04B00F0217E /* Resources */ = {
			isa = PBXResourcesBuildPhase;
			buildActionMask = 2147483647;
			files = (
				58F8E8D42B85DD7D00901F20 /* suite_regular.ttf in Resources */,
				58BE7FCD2B876AE1007AA3CF /* .gitignore in Resources */,
				58BE7FC92B870744007AA3CF /* Pretendard-Bold.otf in Resources */,
				5838C50B2BF04F2C00B240FE /* SUITE-Bold.otf in Resources */,
				58FB05682BEDCD1000F40541 /* SUITE-Medium.otf in Resources */,
				5892AA742B43F04C00F0217E /* LaunchScreen.storyboard in Resources */,
				58F8E8D22B85DB9900901F20 /* suite_heavy.ttf in Resources */,
				5892AA712B43F04C00F0217E /* Assets.xcassets in Resources */,
				589AED0A2BFDE59400B93D6C /* GoogleService-Info.plist in Resources */,
				5892AA6F2B43F04B00F0217E /* Main.storyboard in Resources */,
				58FB05672BEDCD1000F40541 /* SUITE-SemiBold.otf in Resources */,
			);
			runOnlyForDeploymentPostprocessing = 0;
		};
/* End PBXResourcesBuildPhase section */

/* Begin PBXShellScriptBuildPhase section */
		3B22E6102A45AE62F3E9B42C /* [CP] Check Pods Manifest.lock */ = {
			isa = PBXShellScriptBuildPhase;
			buildActionMask = 2147483647;
			files = (
			);
			inputFileListPaths = (
			);
			inputPaths = (
				"${PODS_PODFILE_DIR_PATH}/Podfile.lock",
				"${PODS_ROOT}/Manifest.lock",
			);
			name = "[CP] Check Pods Manifest.lock";
			outputFileListPaths = (
			);
			outputPaths = (
				"$(DERIVED_FILE_DIR)/Pods-Smart_Stroke2024-checkManifestLockResult.txt",
			);
			runOnlyForDeploymentPostprocessing = 0;
			shellPath = /bin/sh;
			shellScript = "diff \"${PODS_PODFILE_DIR_PATH}/Podfile.lock\" \"${PODS_ROOT}/Manifest.lock\" > /dev/null\nif [ $? != 0 ] ; then\n    # print error to STDERR\n    echo \"error: The sandbox is not in sync with the Podfile.lock. Run 'pod install' or update your CocoaPods installation.\" >&2\n    exit 1\nfi\n# This output is used by Xcode 'outputs' to avoid re-running this script phase.\necho \"SUCCESS\" > \"${SCRIPT_OUTPUT_FILE_0}\"\n";
			showEnvVarsInLog = 0;
		};
		BB51472557406D550D883E70 /* [CP] Embed Pods Frameworks */ = {
			isa = PBXShellScriptBuildPhase;
			buildActionMask = 2147483647;
			files = (
			);
			inputFileListPaths = (
				"${PODS_ROOT}/Target Support Files/Pods-Smart_Stroke2024/Pods-Smart_Stroke2024-frameworks-${CONFIGURATION}-input-files.xcfilelist",
			);
			name = "[CP] Embed Pods Frameworks";
			outputFileListPaths = (
				"${PODS_ROOT}/Target Support Files/Pods-Smart_Stroke2024/Pods-Smart_Stroke2024-frameworks-${CONFIGURATION}-output-files.xcfilelist",
			);
			runOnlyForDeploymentPostprocessing = 0;
			shellPath = /bin/sh;
			shellScript = "\"${PODS_ROOT}/Target Support Files/Pods-Smart_Stroke2024/Pods-Smart_Stroke2024-frameworks.sh\"\n";
			showEnvVarsInLog = 0;
		};
/* End PBXShellScriptBuildPhase section */

/* Begin PBXSourcesBuildPhase section */
		5892AA602B43F04B00F0217E /* Sources */ = {
			isa = PBXSourcesBuildPhase;
			buildActionMask = 2147483647;
			files = (
				5893C2E52B678A0E0094AED2 /*  MedicationManagementViewController2.swift in Sources */,
				581E9A752B590D3600F87E99 /* ObesityManagementNotebookView.swift in Sources */,
				58FFD9722B5E604F0075B4AD /* CancelAndSaveButtonView.swift in Sources */,
				58FFD9352B5E603A0075B4AD /* CalendarCell.swift in Sources */,
				5892AA6C2B43F04B00F0217E /* ViewController.swift in Sources */,
				58FFD97C2B5E606A0075B4AD /* NormalFuntion.swift in Sources */,
				5892AA682B43F04B00F0217E /* AppDelegate.swift in Sources */,
				58DB89B62B68D5E500855DEC /* MyInfoViewController.swift in Sources */,
				58FFD96B2B5E604F0075B4AD /* ToastView.m in Sources */,
				58F8E8D62B863A3C00901F20 /* FinishJoinViewController.swift in Sources */,
				58BCEA462B845BE200B8A19B /* NoticeCell.swift in Sources */,
				581954C32B47A2E300CC0685 /* SignUpViewController.swift in Sources */,
				58BCEA442B84547A00B8A19B /* AnnouncementViewController.swift in Sources */,
				58FFD9492B5E604A0075B4AD /* RealmCenter.swift in Sources */,
				5892AA6A2B43F04B00F0217E /* SceneDelegate.swift in Sources */,
				58FFD9472B5E604A0075B4AD /* EnterpriseAppVersionCheck.swift in Sources */,
				58C550AA2B707FCC0051B100 /* CircularProgressView.swift in Sources */,
				58FFD9372B5E603A0075B4AD /* CalendarNoticeView.swift in Sources */,
				581E9A732B590A5E00F87E99 /* ObesityViewController.swift in Sources */,
				58E450BF2B4E6859003A4989 /* SideMenuViewController.swift in Sources */,
				5886BFD02B578A9B006662C0 /* BaseViewController.swift in Sources */,
				58FFD96A2B5E604F0075B4AD /* NoticeView.swift in Sources */,
				580A5F852C0841C1000B06FD /* ChangeDataBloodPressureViewController.swift in Sources */,
				5853B2B72B60F274008FA207 /* DyslipidemiaNoteView.swift in Sources */,
				581979C12BFC25F0007C0AEF /* SQLite3.swift in Sources */,
				586D0A3A2BA828380033EF14 /* ShowViewController.swift in Sources */,
				58A831B72B59FE160072800E /* BloodPressureViewController.swift in Sources */,
				586CEA372B959BE500827EDE /* BloodPopUpViewController.swift in Sources */,
				583129F62B64753A00F4FD82 /* BloodSugarNoteView.swift in Sources */,
				5893C2EF2B6799610094AED2 /* DyslipidemiaViewController3.swift in Sources */,
				58FFD9612B5E604F0075B4AD /* CompnentTableViewCell.swift in Sources */,
				58FFD96F2B5E604F0075B4AD /* DataInputView.swift in Sources */,
				58FFD94A2B5E604A0075B4AD /* AlramCenter_R.swift in Sources */,
				5893C2F42B679DF70094AED2 /* ObesityNoteView.swift in Sources */,
				5892AA812B4403E100F0217E /* Extension.swift in Sources */,
				58DF66D22B61FBB600083020 /* BloodPressureGoalAndRateView.swift in Sources */,
				581E9A7A2B59200000F87E99 /* DyslipidemiaManagementNotebookView.swift in Sources */,
				58FFD94B2B5E604A0075B4AD /* WebViewURL.swift in Sources */,
				58EBBCA12B63AACD00BFC039 /* BloodPressureViewController3.swift in Sources */,
				58A832082B5A1F600072800E /* Protocol.swift in Sources */,
				586C17102B60E0B80053CF93 /* DyslipidemiaManagementTest.swift in Sources */,
				58A831BE2B5A10310072800E /* MedicationManagementViewController.swift in Sources */,
				58FFD96E2B5E604F0075B4AD /* ManagementTitleView.swift in Sources */,
				583D755C2B69C77500E9A308 /* ChangePwViewController.swift in Sources */,
				58FFD92E2B5E60390075B4AD /* DrugRegisterTableViewCell.swift in Sources */,
				5853B2B92B60F279008FA207 /* DyslipidemiaListView.swift in Sources */,
				58FFD97D2B5E606A0075B4AD /* DateCenter.swift in Sources */,
				58FFD9632B5E604F0075B4AD /* DateHeaderView.swift in Sources */,
				58AB7AE52B57B35A00BA17F6 /* DiabetesViewController.swift in Sources */,
				58FFD9692B5E604F0075B4AD /* PrecautionsView.swift in Sources */,
				58FFD97B2B5E606A0075B4AD /* DataFunction.swift in Sources */,
				58FFD9342B5E603A0075B4AD /* TopBar.swift in Sources */,
				5853B2C22B60FF82008FA207 /* DyslipidemiaNoteView1.swift in Sources */,
				5893C2E72B678A140094AED2 /*  MedicationManagementViewController3.swift in Sources */,
				58312A012B64A5F700F4FD82 /* AboutLeftTableView.swift in Sources */,
				584A0D782B4E23EE00206933 /* GoBrainCell.swift in Sources */,
				584A0D762B4E23EE00206933 /* ManagementbrainCell.swift in Sources */,
				5892AA7E2B43F1EC00F0217E /* Define.swift in Sources */,
				58FFD9712B5E604F0075B4AD /* MainViewOfRightView.swift in Sources */,
				583129FA2B64757800F4FD82 /* InnerViewWith3SubTitle.swift in Sources */,
				58FFD9382B5E603A0075B4AD /* DrugComponnentView.swift in Sources */,
				5840F97D2B57C07100B22606 /* BloodSugarManagementNotebookView.swift in Sources */,
				5893C2E92B6790C50094AED2 /* BloodSugarViewController2.swift in Sources */,
				58B2F6E52B6CA31B0039AABB /* TableViewCell.swift in Sources */,
				583129FD2B64A52800F4FD82 /* LeftView.swift in Sources */,
				5840F97B2B57BD9F00B22606 /* WebView.swift in Sources */,
				58FFD91C2B5E602E0075B4AD /* KnowViewController.swift in Sources */,
				58FFD9362B5E603A0075B4AD /* CalendarViewWithManage.swift in Sources */,
				5886BFD22B57AE16006662C0 /* BloodSugarViewController.swift in Sources */,
				58FFD93A2B5E603A0075B4AD /* DrugNotiView.swift in Sources */,
				58DF66D12B61FBB600083020 /* BloodPressureNoteView.swift in Sources */,
				58EBBC9F2B63AA6000BFC039 /* BloodPressureViewController2.swift in Sources */,
				581E9A6C2B58FCB200F87E99 /* Boon.swift in Sources */,
				5892AA7C2B43F0E000F0217E /* MainViewController.swift in Sources */,
				58DB89B02B6895DA00855DEC /* ObesityViewController2.swift in Sources */,
				5853B2BB2B60F2C0008FA207 /* GoalAndRateView_1Value.swift in Sources */,
				58FFD9702B5E604F0075B4AD /* RightView.swift in Sources */,
				58FFD92F2B5E603A0075B4AD /* RegisterdDrugListView.swift in Sources */,
				58BE7FCB2B871E54007AA3CF /* StrokeManagementDetailViewController.swift in Sources */,
				586C17122B60E5CB0053CF93 /* InnerViewWith1Value.swift in Sources */,
				58FFD9302B5E603A0075B4AD /* DrugComponnentView2.swift in Sources */,
				58DB89B22B6895E400855DEC /* ObesityViewController3.swift in Sources */,
				5893C2F22B679DEC0094AED2 /* ObesityViewController1.swift in Sources */,
				58FFD9672B5E604F0075B4AD /* SimpleNoticeView.swift in Sources */,
				58FFD9662B5E604F0075B4AD /* CellComponentView.swift in Sources */,
				58FFD9732B5E604F0075B4AD /* TimeView.swift in Sources */,
				58A831C02B5A10A10072800E /* MedicationManagementNotebookView.swift in Sources */,
				58FFD9682B5E604F0075B4AD /* ToastView.swift in Sources */,
				5893C2ED2B67995B0094AED2 /* DyslipidemiaViewController2.swift in Sources */,
				583129F52B64753A00F4FD82 /* BloodSugarViewController1.swift in Sources */,
				589249102BFB66DA00899151 /* Sqlite.swift in Sources */,
				58D48C662BF1E2E700754B55 /* RegisterdDrugListView2.swift in Sources */,
				583129FF2B64A5AD00F4FD82 /* LeftViewGlobal.swift in Sources */,
				58FFD9652B5E604F0075B4AD /* SegmentedView.swift in Sources */,
				581E9A782B591CE000F87E99 /* DyslipidemiaViewController.swift in Sources */,
				5854A7162B78C2550060ECB8 /* VersionCheck.swift in Sources */,
				58DF66D42B61FBB600083020 /* BloodPressureListView.swift in Sources */,
				5853B2C02B60FF82008FA207 /* DyslipidemiaViewController1.swift in Sources */,
				5818D7242B7634FB001B9994 /* SettingViewController.swift in Sources */,
				583129F82B64753A00F4FD82 /* BloodSugarListView.swift in Sources */,
				58FFD9322B5E603A0075B4AD /* DrugManagementViewController.swift in Sources */,
				58FFD97A2B5E606A0075B4AD /* DateFunction.swift in Sources */,
				58FFD9452B5E604A0075B4AD /* DataStruct.swift in Sources */,
				5854A7142B78B8FE0060ECB8 /* NotiCenter.swift in Sources */,
				58FFD9392B5E603A0075B4AD /* DrugRegisterViewController.swift in Sources */,
				58FFD9332B5E603A0075B4AD /* DrugManageView.swift in Sources */,
				58DF66D32B61FBB600083020 /* BloodPressureViewController1.swift in Sources */,
				58FFD9442B5E604A0075B4AD /* Data_Extension.swift in Sources */,
				58B841E02B54EB91004D6C7F /* StrokeManagementHandbookViewController.swift in Sources */,
				58D48C682BF1E43B00754B55 /* RegisterdDrugListView3.swift in Sources */,
				58FFD9462B5E604A0075B4AD /* AlramCenter.swift in Sources */,
				58A831B92B59FEF10072800E /* BloodPressureManagementNotebookView.swift in Sources */,
				58DF66D62B61FC2B00083020 /* WMY_ChangeView.swift in Sources */,
				58FFD9792B5E606A0075B4AD /* MathFunction.swift in Sources */,
				58DB89B42B68973800855DEC /* FindPasswordViewController.swift in Sources */,
				58FFD9312B5E603A0075B4AD /* DrugRegisterTableViewDrugListCell.swift in Sources */,
				581E9A682B58EB9800F87E99 /* BloodSugarRecordsView.swift in Sources */,
				5893C2EB2B6790CD0094AED2 /* BloodSugarViewController3.swift in Sources */,
				5853B2C12B60FF82008FA207 /* DyslipidemiaListView1.swift in Sources */,
				581E9A6E2B58FD3F00F87E99 /* Graph.swift in Sources */,
				581E9A6A2B58FB8D00F87E99 /* TEST.swift in Sources */,
				581954C12B4791A800CC0685 /* Global.swift in Sources */,
				5893C2F62B679E010094AED2 /* ObesityListView.swift in Sources */,
				581E9A702B58FE0600F87E99 /* InnerViewWith2Value.swift in Sources */,
				583129F72B64753A00F4FD82 /* BloodSugarGoalAndRateView.swift in Sources */,
				58FFD91B2B5E602E0075B4AD /* UserDefaultKey.swift in Sources */,
				583D75842B6A39C000E9A308 /* GoWebViewController.swift in Sources */,
				587908442BFB8AD20098F21C /* SqliteTest.swift in Sources */,
				58FFD9482B5E604A0075B4AD /* Server.swift in Sources */,
				5822B61A2B4B77690084398F /* ServiceViewController.swift in Sources */,
			);
			runOnlyForDeploymentPostprocessing = 0;
		};
/* End PBXSourcesBuildPhase section */

/* Begin PBXVariantGroup section */
		5892AA6D2B43F04B00F0217E /* Main.storyboard */ = {
			isa = PBXVariantGroup;
			children = (
				5892AA6E2B43F04B00F0217E /* Base */,
			);
			name = Main.storyboard;
			sourceTree = "<group>";
		};
		5892AA722B43F04C00F0217E /* LaunchScreen.storyboard */ = {
			isa = PBXVariantGroup;
			children = (
				5892AA732B43F04C00F0217E /* Base */,
			);
			name = LaunchScreen.storyboard;
			sourceTree = "<group>";
		};
/* End PBXVariantGroup section */

/* Begin XCBuildConfiguration section */
		5892AA762B43F04C00F0217E /* Debug */ = {
			isa = XCBuildConfiguration;
			buildSettings = {
				ALWAYS_SEARCH_USER_PATHS = NO;
				ASSETCATALOG_COMPILER_LAUNCHIMAGE_NAME = "";
				CLANG_ANALYZER_NONNULL = YES;
				CLANG_ANALYZER_NUMBER_OBJECT_CONVERSION = YES_AGGRESSIVE;
				CLANG_CXX_LANGUAGE_STANDARD = "gnu++20";
				CLANG_ENABLE_MODULES = YES;
				CLANG_ENABLE_OBJC_ARC = YES;
				CLANG_ENABLE_OBJC_WEAK = YES;
				CLANG_WARN_BLOCK_CAPTURE_AUTORELEASING = YES;
				CLANG_WARN_BOOL_CONVERSION = YES;
				CLANG_WARN_COMMA = YES;
				CLANG_WARN_CONSTANT_CONVERSION = YES;
				CLANG_WARN_DEPRECATED_OBJC_IMPLEMENTATIONS = YES;
				CLANG_WARN_DIRECT_OBJC_ISA_USAGE = YES_ERROR;
				CLANG_WARN_DOCUMENTATION_COMMENTS = YES;
				CLANG_WARN_EMPTY_BODY = YES;
				CLANG_WARN_ENUM_CONVERSION = YES;
				CLANG_WARN_INFINITE_RECURSION = YES;
				CLANG_WARN_INT_CONVERSION = YES;
				CLANG_WARN_NON_LITERAL_NULL_CONVERSION = YES;
				CLANG_WARN_OBJC_IMPLICIT_RETAIN_SELF = YES;
				CLANG_WARN_OBJC_LITERAL_CONVERSION = YES;
				CLANG_WARN_OBJC_ROOT_CLASS = YES_ERROR;
				CLANG_WARN_QUOTED_INCLUDE_IN_FRAMEWORK_HEADER = YES;
				CLANG_WARN_RANGE_LOOP_ANALYSIS = YES;
				CLANG_WARN_STRICT_PROTOTYPES = YES;
				CLANG_WARN_SUSPICIOUS_MOVE = YES;
				CLANG_WARN_UNGUARDED_AVAILABILITY = YES_AGGRESSIVE;
				CLANG_WARN_UNREACHABLE_CODE = YES;
				CLANG_WARN__DUPLICATE_METHOD_MATCH = YES;
				COPY_PHASE_STRIP = NO;
				DEBUG_INFORMATION_FORMAT = dwarf;
				ENABLE_STRICT_OBJC_MSGSEND = YES;
				ENABLE_TESTABILITY = YES;
				GCC_C_LANGUAGE_STANDARD = gnu11;
				GCC_DYNAMIC_NO_PIC = NO;
				GCC_NO_COMMON_BLOCKS = YES;
				GCC_OPTIMIZATION_LEVEL = 0;
				GCC_PREPROCESSOR_DEFINITIONS = (
					"DEBUG=1",
					"$(inherited)",
				);
				GCC_WARN_64_TO_32_BIT_CONVERSION = YES;
				GCC_WARN_ABOUT_RETURN_TYPE = YES_ERROR;
				GCC_WARN_UNDECLARED_SELECTOR = YES;
				GCC_WARN_UNINITIALIZED_AUTOS = YES_AGGRESSIVE;
				GCC_WARN_UNUSED_FUNCTION = YES;
				GCC_WARN_UNUSED_VARIABLE = YES;
				IPHONEOS_DEPLOYMENT_TARGET = 16.4;
				MTL_ENABLE_DEBUG_INFO = INCLUDE_SOURCE;
				MTL_FAST_MATH = YES;
				ONLY_ACTIVE_ARCH = YES;
				SDKROOT = iphoneos;
				SWIFT_ACTIVE_COMPILATION_CONDITIONS = DEBUG;
				SWIFT_OBJC_BRIDGING_HEADER = "KSR_2024-Bridging-Header";
				SWIFT_OPTIMIZATION_LEVEL = "-Onone";
			};
			name = Debug;
		};
		5892AA772B43F04C00F0217E /* Release */ = {
			isa = XCBuildConfiguration;
			buildSettings = {
				ALWAYS_SEARCH_USER_PATHS = NO;
				ASSETCATALOG_COMPILER_LAUNCHIMAGE_NAME = "";
				CLANG_ANALYZER_NONNULL = YES;
				CLANG_ANALYZER_NUMBER_OBJECT_CONVERSION = YES_AGGRESSIVE;
				CLANG_CXX_LANGUAGE_STANDARD = "gnu++20";
				CLANG_ENABLE_MODULES = YES;
				CLANG_ENABLE_OBJC_ARC = YES;
				CLANG_ENABLE_OBJC_WEAK = YES;
				CLANG_WARN_BLOCK_CAPTURE_AUTORELEASING = YES;
				CLANG_WARN_BOOL_CONVERSION = YES;
				CLANG_WARN_COMMA = YES;
				CLANG_WARN_CONSTANT_CONVERSION = YES;
				CLANG_WARN_DEPRECATED_OBJC_IMPLEMENTATIONS = YES;
				CLANG_WARN_DIRECT_OBJC_ISA_USAGE = YES_ERROR;
				CLANG_WARN_DOCUMENTATION_COMMENTS = YES;
				CLANG_WARN_EMPTY_BODY = YES;
				CLANG_WARN_ENUM_CONVERSION = YES;
				CLANG_WARN_INFINITE_RECURSION = YES;
				CLANG_WARN_INT_CONVERSION = YES;
				CLANG_WARN_NON_LITERAL_NULL_CONVERSION = YES;
				CLANG_WARN_OBJC_IMPLICIT_RETAIN_SELF = YES;
				CLANG_WARN_OBJC_LITERAL_CONVERSION = YES;
				CLANG_WARN_OBJC_ROOT_CLASS = YES_ERROR;
				CLANG_WARN_QUOTED_INCLUDE_IN_FRAMEWORK_HEADER = YES;
				CLANG_WARN_RANGE_LOOP_ANALYSIS = YES;
				CLANG_WARN_STRICT_PROTOTYPES = YES;
				CLANG_WARN_SUSPICIOUS_MOVE = YES;
				CLANG_WARN_UNGUARDED_AVAILABILITY = YES_AGGRESSIVE;
				CLANG_WARN_UNREACHABLE_CODE = YES;
				CLANG_WARN__DUPLICATE_METHOD_MATCH = YES;
				COPY_PHASE_STRIP = NO;
				DEBUG_INFORMATION_FORMAT = "dwarf-with-dsym";
				ENABLE_NS_ASSERTIONS = NO;
				ENABLE_STRICT_OBJC_MSGSEND = YES;
				GCC_C_LANGUAGE_STANDARD = gnu11;
				GCC_NO_COMMON_BLOCKS = YES;
				GCC_WARN_64_TO_32_BIT_CONVERSION = YES;
				GCC_WARN_ABOUT_RETURN_TYPE = YES_ERROR;
				GCC_WARN_UNDECLARED_SELECTOR = YES;
				GCC_WARN_UNINITIALIZED_AUTOS = YES_AGGRESSIVE;
				GCC_WARN_UNUSED_FUNCTION = YES;
				GCC_WARN_UNUSED_VARIABLE = YES;
				IPHONEOS_DEPLOYMENT_TARGET = 16.4;
				MTL_ENABLE_DEBUG_INFO = NO;
				MTL_FAST_MATH = YES;
				SDKROOT = iphoneos;
				SWIFT_COMPILATION_MODE = wholemodule;
				SWIFT_OBJC_BRIDGING_HEADER = "KSR_2024-Bridging-Header";
				SWIFT_OPTIMIZATION_LEVEL = "-O";
				VALIDATE_PRODUCT = YES;
			};
			name = Release;
		};
		5892AA792B43F04C00F0217E /* Debug */ = {
			isa = XCBuildConfiguration;
			baseConfigurationReference = B570DB003A075C7B47B69A48 /* Pods-Smart_Stroke2024.debug.xcconfig */;
			buildSettings = {
				ASSETCATALOG_COMPILER_APPICON_NAME = AppIcon;
				ASSETCATALOG_COMPILER_GLOBAL_ACCENT_COLOR_NAME = AccentColor;
				CODE_SIGN_ENTITLEMENTS = "";
				CODE_SIGN_STYLE = Automatic;
				CURRENT_PROJECT_VERSION = 1;
				DEVELOPMENT_TEAM = 85JQMF8YT8;
				GENERATE_INFOPLIST_FILE = YES;
				INFOPLIST_FILE = Smart_Stroke2024/Info.plist;
				INFOPLIST_KEY_CFBundleDisplayName = "Smart Stroke";
				INFOPLIST_KEY_UIApplicationSupportsIndirectInputEvents = YES;
				INFOPLIST_KEY_UILaunchStoryboardName = LaunchScreen;
				INFOPLIST_KEY_UIMainStoryboardFile = Main;
				INFOPLIST_KEY_UISupportedInterfaceOrientations = UIInterfaceOrientationPortrait;
				INFOPLIST_KEY_UISupportedInterfaceOrientations_iPad = "UIInterfaceOrientationLandscapeLeft UIInterfaceOrientationLandscapeRight UIInterfaceOrientationPortrait UIInterfaceOrientationPortraitUpsideDown";
				INFOPLIST_KEY_UIUserInterfaceStyle = Light;
				IPHONEOS_DEPLOYMENT_TARGET = 14.0;
				LD_RUNPATH_SEARCH_PATHS = (
					"$(inherited)",
					"@executable_path/Frameworks",
				);
				MARKETING_VERSION = 1.0;
				PRODUCT_BUNDLE_IDENTIFIER = kr.co.m2community.SmartStroke2024ver1;
				PRODUCT_NAME = "$(TARGET_NAME)";
				SWIFT_EMIT_LOC_STRINGS = YES;
				SWIFT_OBJC_BRIDGING_HEADER = "";
				SWIFT_VERSION = 5.0;
				TARGETED_DEVICE_FAMILY = "1,2";
			};
			name = Debug;
		};
		5892AA7A2B43F04C00F0217E /* Release */ = {
			isa = XCBuildConfiguration;
			baseConfigurationReference = 0B755D14ABD427291FBFFF5E /* Pods-Smart_Stroke2024.release.xcconfig */;
			buildSettings = {
				ASSETCATALOG_COMPILER_APPICON_NAME = AppIcon;
				ASSETCATALOG_COMPILER_GLOBAL_ACCENT_COLOR_NAME = AccentColor;
				CODE_SIGN_ENTITLEMENTS = "";
				CODE_SIGN_STYLE = Automatic;
				CURRENT_PROJECT_VERSION = 1;
				DEVELOPMENT_TEAM = 85JQMF8YT8;
				GENERATE_INFOPLIST_FILE = YES;
				INFOPLIST_FILE = Smart_Stroke2024/Info.plist;
				INFOPLIST_KEY_CFBundleDisplayName = "Smart Stroke";
				INFOPLIST_KEY_UIApplicationSupportsIndirectInputEvents = YES;
				INFOPLIST_KEY_UILaunchStoryboardName = LaunchScreen;
				INFOPLIST_KEY_UIMainStoryboardFile = Main;
				INFOPLIST_KEY_UISupportedInterfaceOrientations = UIInterfaceOrientationPortrait;
				INFOPLIST_KEY_UISupportedInterfaceOrientations_iPad = "UIInterfaceOrientationLandscapeLeft UIInterfaceOrientationLandscapeRight UIInterfaceOrientationPortrait UIInterfaceOrientationPortraitUpsideDown";
				INFOPLIST_KEY_UIUserInterfaceStyle = Light;
				IPHONEOS_DEPLOYMENT_TARGET = 14.0;
				LD_RUNPATH_SEARCH_PATHS = (
					"$(inherited)",
					"@executable_path/Frameworks",
				);
				MARKETING_VERSION = 1.0;
				PRODUCT_BUNDLE_IDENTIFIER = kr.co.m2community.SmartStroke2024ver1;
				PRODUCT_NAME = "$(TARGET_NAME)";
				SWIFT_EMIT_LOC_STRINGS = YES;
				SWIFT_OBJC_BRIDGING_HEADER = "";
				SWIFT_VERSION = 5.0;
				TARGETED_DEVICE_FAMILY = "1,2";
			};
			name = Release;
		};
/* End XCBuildConfiguration section */

/* Begin XCConfigurationList section */
		5892AA5F2B43F04B00F0217E /* Build configuration list for PBXProject "Smart_Stroke2024" */ = {
			isa = XCConfigurationList;
			buildConfigurations = (
				5892AA762B43F04C00F0217E /* Debug */,
				5892AA772B43F04C00F0217E /* Release */,
			);
			defaultConfigurationIsVisible = 0;
			defaultConfigurationName = Release;
		};
		5892AA782B43F04C00F0217E /* Build configuration list for PBXNativeTarget "Smart_Stroke2024" */ = {
			isa = XCConfigurationList;
			buildConfigurations = (
				5892AA792B43F04C00F0217E /* Debug */,
				5892AA7A2B43F04C00F0217E /* Release */,
			);
			defaultConfigurationIsVisible = 0;
			defaultConfigurationName = Release;
		};
/* End XCConfigurationList section */
	};
	rootObject = 5892AA5C2B43F04B00F0217E /* Project object */;
}
